{
  "version": 2,
  "dependencies": {
    "net10.0": {
      "MessageFormat": {
        "type": "Direct",
        "requested": "[7.1.3, )",
        "resolved": "7.1.3",
        "contentHash": "go1/KHij1AB5K3nKiKKzSuSVIAKivgAnC3P6FAOOhB/WMg7y6lw9n95LCyABVuoewk4CNI8S0RZVvC6gkeTp7g==",
        "dependencies": {
          "Microsoft.Extensions.ObjectPool": "8.0.10"
        }
      },
      "Microsoft.NET.ILLink.Tasks": {
        "type": "Direct",
        "requested": "[10.0.1, )",
        "resolved": "10.0.1",
        "contentHash": "ISahzLHsHY7vrwqr2p1YWZ+gsxoBRtH7gWRDK8fDUst9pp2He0GiesaqEfeX0V8QMCJM3eNEHGGpnIcPjFo2NQ=="
      },
      "Microsoft.Extensions.ObjectPool": {
        "type": "Transitive",
        "resolved": "8.0.10",
        "contentHash": "u7gAG7JgxF8VSJUGPSudAcPxOt+ymJKQCSxNRxiuKV+klCQbHljQR75SilpedCTfhPWDhtUwIJpnDVtspr9nMg=="
      },
      "keeneyes.abstractions": {
        "type": "Project"
      },
      "keeneyes.common": {
        "type": "Project",
        "dependencies": {
          "KeenEyes.Abstractions": "[1.0.0, )"
        }
      },
      "keeneyes.core": {
        "type": "Project",
        "dependencies": {
          "KeenEyes.Abstractions": "[1.0.0, )"
        }
      },
      "keeneyes.graphics.abstractions": {
        "type": "Project",
        "dependencies": {
          "KeenEyes.Abstractions": "[1.0.0, )",
          "KeenEyes.Common": "[1.0.0, )"
        }
      },
      "keeneyes.input.abstractions": {
        "type": "Project",
        "dependencies": {
          "KeenEyes.Abstractions": "[1.0.0, )"
        }
      },
      "keeneyes.ui.abstractions": {
        "type": "Project",
        "dependencies": {
          "KeenEyes.Abstractions": "[1.0.0, )",
          "KeenEyes.Graphics.Abstractions": "[1.0.0, )",
          "KeenEyes.Input.Abstractions": "[1.0.0, )"
        }
      }
    }
  }
}