
Microsoft Visual Studio Solution File, Format Version 12.00
# Visual Studio Version 18
VisualStudioVersion = 18.0.11205.157
MinimumVisualStudioVersion = 10.0.40219.1
Project("{FAE04EC0-301F-11D3-BF4B-00C04F79EFBC}") = "KeenEyes.Generators.Attributes", "src\KeenEyes.Generators.Attributes\KeenEyes.Generators.Attributes.csproj", "{A1B2C3D4-E5F6-7890-ABCD-EF1234567890}"
EndProject
Project("{FAE04EC0-301F-11D3-BF4B-00C04F79EFBC}") = "KeenEyes.Generators", "src\KeenEyes.Generators\KeenEyes.Generators.csproj", "{B2C3D4E5-F678-90AB-CDEF-123456789012}"
EndProject
Project("{FAE04EC0-301F-11D3-BF4B-00C04F79EFBC}") = "KeenEyes.Core", "src\KeenEyes.Core\KeenEyes.Core.csproj", "{C3D4E5F6-7890-ABCD-EF12-345678901234}"
EndProject
Project("{FAE04EC0-301F-11D3-BF4B-00C04F79EFBC}") = "KeenEyes.Sample", "samples\KeenEyes.Sample\KeenEyes.Sample.csproj", "{E5F67890-ABCD-EF12-3456-789012345678}"
EndProject
Project("{FAE04EC0-301F-11D3-BF4B-00C04F79EFBC}") = "KeenEyes.Sample.Simulation", "samples\KeenEyes.Sample.Simulation\KeenEyes.Sample.Simulation.csproj", "{F7890123-BCDE-F012-3456-789012345679}"
EndProject
Project("{FAE04EC0-301F-11D3-BF4B-00C04F79EFBC}") = "KeenEyes.Sample.MassSimulation", "samples\KeenEyes.Sample.MassSimulation\KeenEyes.Sample.MassSimulation.csproj", "{A8901234-CDEF-0123-4567-890123456780}"
EndProject
Project("{2150E333-8FDC-42A3-9474-1A3956D46DE8}") = "src", "src", "{D4E5F678-90AB-CDEF-1234-567890123456}"
EndProject
Project("{2150E333-8FDC-42A3-9474-1A3956D46DE8}") = "samples", "samples", "{F6789012-CDEF-1234-5678-901234567890}"
EndProject
Project("{2150E333-8FDC-42A3-9474-1A3956D46DE8}") = "tests", "tests", "{0AB3BF05-4346-4AA6-1389-037BE0695223}"
EndProject
Project("{2150E333-8FDC-42A3-9474-1A3956D46DE8}") = "benchmarks", "benchmarks", "{B9012345-DEF0-1234-5678-901234567891}"
EndProject
Project("{FAE04EC0-301F-11D3-BF4B-00C04F79EFBC}") = "KeenEyes.Benchmarks", "benchmarks\KeenEyes.Benchmarks\KeenEyes.Benchmarks.csproj", "{C0123456-EF01-2345-6789-012345678902}"
EndProject
Project("{FAE04EC0-301F-11D3-BF4B-00C04F79EFBC}") = "KeenEyes.Core.Tests", "tests\KeenEyes.Core.Tests\KeenEyes.Core.Tests.csproj", "{363FBCF3-D916-41C1-B6D8-BB142E5DC84E}"
EndProject
Project("{FAE04EC0-301F-11D3-BF4B-00C04F79EFBC}") = "KeenEyes.Generators.Tests", "tests\KeenEyes.Generators.Tests\KeenEyes.Generators.Tests.csproj", "{1F3E627D-134D-4CAC-9A41-3FFF15265653}"
EndProject
Project("{2150E333-8FDC-42A3-9474-1A3956D46DE8}") = "_", "_", "{DCD2BB20-F898-4A54-8D82-7D78E6E86B1D}"
	ProjectSection(SolutionItems) = preProject
		tests\Directory.Build.props = tests\Directory.Build.props
		tests\Directory.Packages.props = tests\Directory.Packages.props
		tests\global.json = tests\global.json
	EndProjectSection
EndProject
Project("{2150E333-8FDC-42A3-9474-1A3956D46DE8}") = "_", "_", "{080B5715-2187-4B32-A2EF-FABB69121C3B}"
	ProjectSection(SolutionItems) = preProject
		.editorconfig = .editorconfig
		Directory.Build.props = Directory.Build.props
		Directory.Packages.props = Directory.Packages.props
		docfx.json = docfx.json
		global.json = global.json
		index.md = index.md
		nuget.config = nuget.config
		README.md = README.md
		ROADMAP.md = ROADMAP.md
		toc.yml = toc.yml
	EndProjectSection
EndProject
Project("{2150E333-8FDC-42A3-9474-1A3956D46DE8}") = "tools", "tools", "{07C2787E-EAC7-C090-1BA3-A61EC2A24D84}"
EndProject
Project("{FAE04EC0-301F-11D3-BF4B-00C04F79EFBC}") = "BenchmarkCompare", "tools\BenchmarkCompare\BenchmarkCompare.csproj", "{68222879-B1DF-49EC-B85F-40E26BA758C2}"
EndProject
Project("{FAE04EC0-301F-11D3-BF4B-00C04F79EFBC}") = "KeenEyes.Sample.Messaging", "samples\KeenEyes.Sample.Messaging\KeenEyes.Sample.Messaging.csproj", "{9D85A73C-9252-4379-823E-7836676A0458}"
EndProject
Project("{FAE04EC0-301F-11D3-BF4B-00C04F79EFBC}") = "KeenEyes.Testing", "src\KeenEyes.Testing\KeenEyes.Testing.csproj", "{9443131D-B027-4FA5-955B-ED4FDFF5D02C}"
EndProject
Project("{FAE04EC0-301F-11D3-BF4B-00C04F79EFBC}") = "KeenEyes.Testing.Tests", "tests\KeenEyes.Testing.Tests\KeenEyes.Testing.Tests.csproj", "{8D3780E4-057D-4C22-B186-A066667EB778}"
EndProject
Project("{FAE04EC0-301F-11D3-BF4B-00C04F79EFBC}") = "KeenEyes.Graphics", "src\KeenEyes.Graphics\KeenEyes.Graphics.csproj", "{FA11BBA8-09FF-473F-9DA0-6F4E2E5224B4}"
EndProject
Project("{FAE04EC0-301F-11D3-BF4B-00C04F79EFBC}") = "KeenEyes.Graphics.Tests", "tests\KeenEyes.Graphics.Tests\KeenEyes.Graphics.Tests.csproj", "{847ECC27-B6CC-4A3E-89B6-E92B51715E9A}"
EndProject
Project("{FAE04EC0-301F-11D3-BF4B-00C04F79EFBC}") = "KeenEyes.Spatial", "src\KeenEyes.Spatial\KeenEyes.Spatial.csproj", "{86497B5C-85A2-4604-BB46-A33C129E6829}"
EndProject
Project("{FAE04EC0-301F-11D3-BF4B-00C04F79EFBC}") = "KeenEyes.Spatial.Tests", "tests\KeenEyes.Spatial.Tests\KeenEyes.Spatial.Tests.csproj", "{CF99F71D-53AC-4518-A104-FA7D4FBF0CDC}"
EndProject
Global
	GlobalSection(SolutionConfigurationPlatforms) = preSolution
		Debug|Any CPU = Debug|Any CPU
		Debug|x64 = Debug|x64
		Debug|x86 = Debug|x86
		Release|Any CPU = Release|Any CPU
		Release|x64 = Release|x64
		Release|x86 = Release|x86
	EndGlobalSection
	GlobalSection(ProjectConfigurationPlatforms) = postSolution
		{A1B2C3D4-E5F6-7890-ABCD-EF1234567890}.Debug|Any CPU.ActiveCfg = Debug|Any CPU
		{A1B2C3D4-E5F6-7890-ABCD-EF1234567890}.Debug|Any CPU.Build.0 = Debug|Any CPU
		{A1B2C3D4-E5F6-7890-ABCD-EF1234567890}.Debug|x64.ActiveCfg = Debug|Any CPU
		{A1B2C3D4-E5F6-7890-ABCD-EF1234567890}.Debug|x64.Build.0 = Debug|Any CPU
		{A1B2C3D4-E5F6-7890-ABCD-EF1234567890}.Debug|x86.ActiveCfg = Debug|Any CPU
		{A1B2C3D4-E5F6-7890-ABCD-EF1234567890}.Debug|x86.Build.0 = Debug|Any CPU
		{A1B2C3D4-E5F6-7890-ABCD-EF1234567890}.Release|Any CPU.ActiveCfg = Release|Any CPU
		{A1B2C3D4-E5F6-7890-ABCD-EF1234567890}.Release|Any CPU.Build.0 = Release|Any CPU
		{A1B2C3D4-E5F6-7890-ABCD-EF1234567890}.Release|x64.ActiveCfg = Release|Any CPU
		{A1B2C3D4-E5F6-7890-ABCD-EF1234567890}.Release|x64.Build.0 = Release|Any CPU
		{A1B2C3D4-E5F6-7890-ABCD-EF1234567890}.Release|x86.ActiveCfg = Release|Any CPU
		{A1B2C3D4-E5F6-7890-ABCD-EF1234567890}.Release|x86.Build.0 = Release|Any CPU
		{B2C3D4E5-F678-90AB-CDEF-123456789012}.Debug|Any CPU.ActiveCfg = Debug|Any CPU
		{B2C3D4E5-F678-90AB-CDEF-123456789012}.Debug|Any CPU.Build.0 = Debug|Any CPU
		{B2C3D4E5-F678-90AB-CDEF-123456789012}.Debug|x64.ActiveCfg = Debug|Any CPU
		{B2C3D4E5-F678-90AB-CDEF-123456789012}.Debug|x64.Build.0 = Debug|Any CPU
		{B2C3D4E5-F678-90AB-CDEF-123456789012}.Debug|x86.ActiveCfg = Debug|Any CPU
		{B2C3D4E5-F678-90AB-CDEF-123456789012}.Debug|x86.Build.0 = Debug|Any CPU
		{B2C3D4E5-F678-90AB-CDEF-123456789012}.Release|Any CPU.ActiveCfg = Release|Any CPU
		{B2C3D4E5-F678-90AB-CDEF-123456789012}.Release|Any CPU.Build.0 = Release|Any CPU
		{B2C3D4E5-F678-90AB-CDEF-123456789012}.Release|x64.ActiveCfg = Release|Any CPU
		{B2C3D4E5-F678-90AB-CDEF-123456789012}.Release|x64.Build.0 = Release|Any CPU
		{B2C3D4E5-F678-90AB-CDEF-123456789012}.Release|x86.ActiveCfg = Release|Any CPU
		{B2C3D4E5-F678-90AB-CDEF-123456789012}.Release|x86.Build.0 = Release|Any CPU
		{C3D4E5F6-7890-ABCD-EF12-345678901234}.Debug|Any CPU.ActiveCfg = Debug|Any CPU
		{C3D4E5F6-7890-ABCD-EF12-345678901234}.Debug|Any CPU.Build.0 = Debug|Any CPU
		{C3D4E5F6-7890-ABCD-EF12-345678901234}.Debug|x64.ActiveCfg = Debug|Any CPU
		{C3D4E5F6-7890-ABCD-EF12-345678901234}.Debug|x64.Build.0 = Debug|Any CPU
		{C3D4E5F6-7890-ABCD-EF12-345678901234}.Debug|x86.ActiveCfg = Debug|Any CPU
		{C3D4E5F6-7890-ABCD-EF12-345678901234}.Debug|x86.Build.0 = Debug|Any CPU
		{C3D4E5F6-7890-ABCD-EF12-345678901234}.Release|Any CPU.ActiveCfg = Release|Any CPU
		{C3D4E5F6-7890-ABCD-EF12-345678901234}.Release|Any CPU.Build.0 = Release|Any CPU
		{C3D4E5F6-7890-ABCD-EF12-345678901234}.Release|x64.ActiveCfg = Release|Any CPU
		{C3D4E5F6-7890-ABCD-EF12-345678901234}.Release|x64.Build.0 = Release|Any CPU
		{C3D4E5F6-7890-ABCD-EF12-345678901234}.Release|x86.ActiveCfg = Release|Any CPU
		{C3D4E5F6-7890-ABCD-EF12-345678901234}.Release|x86.Build.0 = Release|Any CPU
		{E5F67890-ABCD-EF12-3456-789012345678}.Debug|Any CPU.ActiveCfg = Debug|Any CPU
		{E5F67890-ABCD-EF12-3456-789012345678}.Debug|Any CPU.Build.0 = Debug|Any CPU
		{E5F67890-ABCD-EF12-3456-789012345678}.Debug|x64.ActiveCfg = Debug|Any CPU
		{E5F67890-ABCD-EF12-3456-789012345678}.Debug|x64.Build.0 = Debug|Any CPU
		{E5F67890-ABCD-EF12-3456-789012345678}.Debug|x86.ActiveCfg = Debug|Any CPU
		{E5F67890-ABCD-EF12-3456-789012345678}.Debug|x86.Build.0 = Debug|Any CPU
		{E5F67890-ABCD-EF12-3456-789012345678}.Release|Any CPU.ActiveCfg = Release|Any CPU
		{E5F67890-ABCD-EF12-3456-789012345678}.Release|Any CPU.Build.0 = Release|Any CPU
		{E5F67890-ABCD-EF12-3456-789012345678}.Release|x64.ActiveCfg = Release|Any CPU
		{E5F67890-ABCD-EF12-3456-789012345678}.Release|x64.Build.0 = Release|Any CPU
		{E5F67890-ABCD-EF12-3456-789012345678}.Release|x86.ActiveCfg = Release|Any CPU
		{E5F67890-ABCD-EF12-3456-789012345678}.Release|x86.Build.0 = Release|Any CPU
		{F7890123-BCDE-F012-3456-789012345679}.Debug|Any CPU.ActiveCfg = Debug|Any CPU
		{F7890123-BCDE-F012-3456-789012345679}.Debug|Any CPU.Build.0 = Debug|Any CPU
		{F7890123-BCDE-F012-3456-789012345679}.Debug|x64.ActiveCfg = Debug|Any CPU
		{F7890123-BCDE-F012-3456-789012345679}.Debug|x64.Build.0 = Debug|Any CPU
		{F7890123-BCDE-F012-3456-789012345679}.Debug|x86.ActiveCfg = Debug|Any CPU
		{F7890123-BCDE-F012-3456-789012345679}.Debug|x86.Build.0 = Debug|Any CPU
		{F7890123-BCDE-F012-3456-789012345679}.Release|Any CPU.ActiveCfg = Release|Any CPU
		{F7890123-BCDE-F012-3456-789012345679}.Release|Any CPU.Build.0 = Release|Any CPU
		{F7890123-BCDE-F012-3456-789012345679}.Release|x64.ActiveCfg = Release|Any CPU
		{F7890123-BCDE-F012-3456-789012345679}.Release|x64.Build.0 = Release|Any CPU
		{F7890123-BCDE-F012-3456-789012345679}.Release|x86.ActiveCfg = Release|Any CPU
		{F7890123-BCDE-F012-3456-789012345679}.Release|x86.Build.0 = Release|Any CPU
		{A8901234-CDEF-0123-4567-890123456780}.Debug|Any CPU.ActiveCfg = Debug|Any CPU
		{A8901234-CDEF-0123-4567-890123456780}.Debug|Any CPU.Build.0 = Debug|Any CPU
		{A8901234-CDEF-0123-4567-890123456780}.Debug|x64.ActiveCfg = Debug|Any CPU
		{A8901234-CDEF-0123-4567-890123456780}.Debug|x64.Build.0 = Debug|Any CPU
		{A8901234-CDEF-0123-4567-890123456780}.Debug|x86.ActiveCfg = Debug|Any CPU
		{A8901234-CDEF-0123-4567-890123456780}.Debug|x86.Build.0 = Debug|Any CPU
		{A8901234-CDEF-0123-4567-890123456780}.Release|Any CPU.ActiveCfg = Release|Any CPU
		{A8901234-CDEF-0123-4567-890123456780}.Release|Any CPU.Build.0 = Release|Any CPU
		{A8901234-CDEF-0123-4567-890123456780}.Release|x64.ActiveCfg = Release|Any CPU
		{A8901234-CDEF-0123-4567-890123456780}.Release|x64.Build.0 = Release|Any CPU
		{A8901234-CDEF-0123-4567-890123456780}.Release|x86.ActiveCfg = Release|Any CPU
		{A8901234-CDEF-0123-4567-890123456780}.Release|x86.Build.0 = Release|Any CPU
		{C0123456-EF01-2345-6789-012345678902}.Debug|Any CPU.ActiveCfg = Debug|Any CPU
		{C0123456-EF01-2345-6789-012345678902}.Debug|Any CPU.Build.0 = Debug|Any CPU
		{C0123456-EF01-2345-6789-012345678902}.Debug|x64.ActiveCfg = Debug|Any CPU
		{C0123456-EF01-2345-6789-012345678902}.Debug|x64.Build.0 = Debug|Any CPU
		{C0123456-EF01-2345-6789-012345678902}.Debug|x86.ActiveCfg = Debug|Any CPU
		{C0123456-EF01-2345-6789-012345678902}.Debug|x86.Build.0 = Debug|Any CPU
		{C0123456-EF01-2345-6789-012345678902}.Release|Any CPU.ActiveCfg = Release|Any CPU
		{C0123456-EF01-2345-6789-012345678902}.Release|Any CPU.Build.0 = Release|Any CPU
		{C0123456-EF01-2345-6789-012345678902}.Release|x64.ActiveCfg = Release|Any CPU
		{C0123456-EF01-2345-6789-012345678902}.Release|x64.Build.0 = Release|Any CPU
		{C0123456-EF01-2345-6789-012345678902}.Release|x86.ActiveCfg = Release|Any CPU
		{C0123456-EF01-2345-6789-012345678902}.Release|x86.Build.0 = Release|Any CPU
		{363FBCF3-D916-41C1-B6D8-BB142E5DC84E}.Debug|Any CPU.ActiveCfg = Debug|Any CPU
		{363FBCF3-D916-41C1-B6D8-BB142E5DC84E}.Debug|Any CPU.Build.0 = Debug|Any CPU
		{363FBCF3-D916-41C1-B6D8-BB142E5DC84E}.Debug|x64.ActiveCfg = Debug|Any CPU
		{363FBCF3-D916-41C1-B6D8-BB142E5DC84E}.Debug|x64.Build.0 = Debug|Any CPU
		{363FBCF3-D916-41C1-B6D8-BB142E5DC84E}.Debug|x86.ActiveCfg = Debug|Any CPU
		{363FBCF3-D916-41C1-B6D8-BB142E5DC84E}.Debug|x86.Build.0 = Debug|Any CPU
		{363FBCF3-D916-41C1-B6D8-BB142E5DC84E}.Release|Any CPU.ActiveCfg = Release|Any CPU
		{363FBCF3-D916-41C1-B6D8-BB142E5DC84E}.Release|Any CPU.Build.0 = Release|Any CPU
		{363FBCF3-D916-41C1-B6D8-BB142E5DC84E}.Release|x64.ActiveCfg = Release|Any CPU
		{363FBCF3-D916-41C1-B6D8-BB142E5DC84E}.Release|x64.Build.0 = Release|Any CPU
		{363FBCF3-D916-41C1-B6D8-BB142E5DC84E}.Release|x86.ActiveCfg = Release|Any CPU
		{363FBCF3-D916-41C1-B6D8-BB142E5DC84E}.Release|x86.Build.0 = Release|Any CPU
		{1F3E627D-134D-4CAC-9A41-3FFF15265653}.Debug|Any CPU.ActiveCfg = Debug|Any CPU
		{1F3E627D-134D-4CAC-9A41-3FFF15265653}.Debug|Any CPU.Build.0 = Debug|Any CPU
		{1F3E627D-134D-4CAC-9A41-3FFF15265653}.Debug|x64.ActiveCfg = Debug|Any CPU
		{1F3E627D-134D-4CAC-9A41-3FFF15265653}.Debug|x64.Build.0 = Debug|Any CPU
		{1F3E627D-134D-4CAC-9A41-3FFF15265653}.Debug|x86.ActiveCfg = Debug|Any CPU
		{1F3E627D-134D-4CAC-9A41-3FFF15265653}.Debug|x86.Build.0 = Debug|Any CPU
		{1F3E627D-134D-4CAC-9A41-3FFF15265653}.Release|Any CPU.ActiveCfg = Release|Any CPU
		{1F3E627D-134D-4CAC-9A41-3FFF15265653}.Release|Any CPU.Build.0 = Release|Any CPU
		{1F3E627D-134D-4CAC-9A41-3FFF15265653}.Release|x64.ActiveCfg = Release|Any CPU
		{1F3E627D-134D-4CAC-9A41-3FFF15265653}.Release|x64.Build.0 = Release|Any CPU
		{1F3E627D-134D-4CAC-9A41-3FFF15265653}.Release|x86.ActiveCfg = Release|Any CPU
		{1F3E627D-134D-4CAC-9A41-3FFF15265653}.Release|x86.Build.0 = Release|Any CPU
		{68222879-B1DF-49EC-B85F-40E26BA758C2}.Debug|Any CPU.ActiveCfg = Debug|Any CPU
		{68222879-B1DF-49EC-B85F-40E26BA758C2}.Debug|Any CPU.Build.0 = Debug|Any CPU
		{68222879-B1DF-49EC-B85F-40E26BA758C2}.Debug|x64.ActiveCfg = Debug|Any CPU
		{68222879-B1DF-49EC-B85F-40E26BA758C2}.Debug|x64.Build.0 = Debug|Any CPU
		{68222879-B1DF-49EC-B85F-40E26BA758C2}.Debug|x86.ActiveCfg = Debug|Any CPU
		{68222879-B1DF-49EC-B85F-40E26BA758C2}.Debug|x86.Build.0 = Debug|Any CPU
		{68222879-B1DF-49EC-B85F-40E26BA758C2}.Release|Any CPU.ActiveCfg = Release|Any CPU
		{68222879-B1DF-49EC-B85F-40E26BA758C2}.Release|Any CPU.Build.0 = Release|Any CPU
		{68222879-B1DF-49EC-B85F-40E26BA758C2}.Release|x64.ActiveCfg = Release|Any CPU
		{68222879-B1DF-49EC-B85F-40E26BA758C2}.Release|x64.Build.0 = Release|Any CPU
		{68222879-B1DF-49EC-B85F-40E26BA758C2}.Release|x86.ActiveCfg = Release|Any CPU
		{68222879-B1DF-49EC-B85F-40E26BA758C2}.Release|x86.Build.0 = Release|Any CPU
		{9D85A73C-9252-4379-823E-7836676A0458}.Debug|Any CPU.ActiveCfg = Debug|Any CPU
		{9D85A73C-9252-4379-823E-7836676A0458}.Debug|Any CPU.Build.0 = Debug|Any CPU
		{9D85A73C-9252-4379-823E-7836676A0458}.Debug|x64.ActiveCfg = Debug|Any CPU
		{9D85A73C-9252-4379-823E-7836676A0458}.Debug|x64.Build.0 = Debug|Any CPU
		{9D85A73C-9252-4379-823E-7836676A0458}.Debug|x86.ActiveCfg = Debug|Any CPU
		{9D85A73C-9252-4379-823E-7836676A0458}.Debug|x86.Build.0 = Debug|Any CPU
		{9D85A73C-9252-4379-823E-7836676A0458}.Release|Any CPU.ActiveCfg = Release|Any CPU
		{9D85A73C-9252-4379-823E-7836676A0458}.Release|Any CPU.Build.0 = Release|Any CPU
		{9D85A73C-9252-4379-823E-7836676A0458}.Release|x64.ActiveCfg = Release|Any CPU
		{9D85A73C-9252-4379-823E-7836676A0458}.Release|x64.Build.0 = Release|Any CPU
		{9D85A73C-9252-4379-823E-7836676A0458}.Release|x86.ActiveCfg = Release|Any CPU
		{9D85A73C-9252-4379-823E-7836676A0458}.Release|x86.Build.0 = Release|Any CPU
		{9443131D-B027-4FA5-955B-ED4FDFF5D02C}.Debug|Any CPU.ActiveCfg = Debug|Any CPU
		{9443131D-B027-4FA5-955B-ED4FDFF5D02C}.Debug|Any CPU.Build.0 = Debug|Any CPU
		{9443131D-B027-4FA5-955B-ED4FDFF5D02C}.Debug|x64.ActiveCfg = Debug|Any CPU
		{9443131D-B027-4FA5-955B-ED4FDFF5D02C}.Debug|x64.Build.0 = Debug|Any CPU
		{9443131D-B027-4FA5-955B-ED4FDFF5D02C}.Debug|x86.ActiveCfg = Debug|Any CPU
		{9443131D-B027-4FA5-955B-ED4FDFF5D02C}.Debug|x86.Build.0 = Debug|Any CPU
		{9443131D-B027-4FA5-955B-ED4FDFF5D02C}.Release|Any CPU.ActiveCfg = Release|Any CPU
		{9443131D-B027-4FA5-955B-ED4FDFF5D02C}.Release|Any CPU.Build.0 = Release|Any CPU
		{9443131D-B027-4FA5-955B-ED4FDFF5D02C}.Release|x64.ActiveCfg = Release|Any CPU
		{9443131D-B027-4FA5-955B-ED4FDFF5D02C}.Release|x64.Build.0 = Release|Any CPU
		{9443131D-B027-4FA5-955B-ED4FDFF5D02C}.Release|x86.ActiveCfg = Release|Any CPU
		{9443131D-B027-4FA5-955B-ED4FDFF5D02C}.Release|x86.Build.0 = Release|Any CPU
		{8D3780E4-057D-4C22-B186-A066667EB778}.Debug|Any CPU.ActiveCfg = Debug|Any CPU
		{8D3780E4-057D-4C22-B186-A066667EB778}.Debug|Any CPU.Build.0 = Debug|Any CPU
		{8D3780E4-057D-4C22-B186-A066667EB778}.Debug|x64.ActiveCfg = Debug|Any CPU
		{8D3780E4-057D-4C22-B186-A066667EB778}.Debug|x64.Build.0 = Debug|Any CPU
		{8D3780E4-057D-4C22-B186-A066667EB778}.Debug|x86.ActiveCfg = Debug|Any CPU
		{8D3780E4-057D-4C22-B186-A066667EB778}.Debug|x86.Build.0 = Debug|Any CPU
		{8D3780E4-057D-4C22-B186-A066667EB778}.Release|Any CPU.ActiveCfg = Release|Any CPU
		{8D3780E4-057D-4C22-B186-A066667EB778}.Release|Any CPU.Build.0 = Release|Any CPU
		{8D3780E4-057D-4C22-B186-A066667EB778}.Release|x64.ActiveCfg = Release|Any CPU
		{8D3780E4-057D-4C22-B186-A066667EB778}.Release|x64.Build.0 = Release|Any CPU
		{8D3780E4-057D-4C22-B186-A066667EB778}.Release|x86.ActiveCfg = Release|Any CPU
		{8D3780E4-057D-4C22-B186-A066667EB778}.Release|x86.Build.0 = Release|Any CPU
		{FA11BBA8-09FF-473F-9DA0-6F4E2E5224B4}.Debug|Any CPU.ActiveCfg = Debug|Any CPU
		{FA11BBA8-09FF-473F-9DA0-6F4E2E5224B4}.Debug|Any CPU.Build.0 = Debug|Any CPU
		{FA11BBA8-09FF-473F-9DA0-6F4E2E5224B4}.Debug|x64.ActiveCfg = Debug|Any CPU
		{FA11BBA8-09FF-473F-9DA0-6F4E2E5224B4}.Debug|x64.Build.0 = Debug|Any CPU
		{FA11BBA8-09FF-473F-9DA0-6F4E2E5224B4}.Debug|x86.ActiveCfg = Debug|Any CPU
		{FA11BBA8-09FF-473F-9DA0-6F4E2E5224B4}.Debug|x86.Build.0 = Debug|Any CPU
		{FA11BBA8-09FF-473F-9DA0-6F4E2E5224B4}.Release|Any CPU.ActiveCfg = Release|Any CPU
		{FA11BBA8-09FF-473F-9DA0-6F4E2E5224B4}.Release|Any CPU.Build.0 = Release|Any CPU
		{FA11BBA8-09FF-473F-9DA0-6F4E2E5224B4}.Release|x64.ActiveCfg = Release|Any CPU
		{FA11BBA8-09FF-473F-9DA0-6F4E2E5224B4}.Release|x64.Build.0 = Release|Any CPU
		{FA11BBA8-09FF-473F-9DA0-6F4E2E5224B4}.Release|x86.ActiveCfg = Release|Any CPU
		{FA11BBA8-09FF-473F-9DA0-6F4E2E5224B4}.Release|x86.Build.0 = Release|Any CPU
		{847ECC27-B6CC-4A3E-89B6-E92B51715E9A}.Debug|Any CPU.ActiveCfg = Debug|Any CPU
		{847ECC27-B6CC-4A3E-89B6-E92B51715E9A}.Debug|Any CPU.Build.0 = Debug|Any CPU
		{847ECC27-B6CC-4A3E-89B6-E92B51715E9A}.Debug|x64.ActiveCfg = Debug|Any CPU
		{847ECC27-B6CC-4A3E-89B6-E92B51715E9A}.Debug|x64.Build.0 = Debug|Any CPU
		{847ECC27-B6CC-4A3E-89B6-E92B51715E9A}.Debug|x86.ActiveCfg = Debug|Any CPU
		{847ECC27-B6CC-4A3E-89B6-E92B51715E9A}.Debug|x86.Build.0 = Debug|Any CPU
		{847ECC27-B6CC-4A3E-89B6-E92B51715E9A}.Release|Any CPU.ActiveCfg = Release|Any CPU
		{847ECC27-B6CC-4A3E-89B6-E92B51715E9A}.Release|Any CPU.Build.0 = Release|Any CPU
		{847ECC27-B6CC-4A3E-89B6-E92B51715E9A}.Release|x64.ActiveCfg = Release|Any CPU
		{847ECC27-B6CC-4A3E-89B6-E92B51715E9A}.Release|x64.Build.0 = Release|Any CPU
		{847ECC27-B6CC-4A3E-89B6-E92B51715E9A}.Release|x86.ActiveCfg = Release|Any CPU
		{847ECC27-B6CC-4A3E-89B6-E92B51715E9A}.Release|x86.Build.0 = Release|Any CPU
		{86497B5C-85A2-4604-BB46-A33C129E6829}.Debug|Any CPU.ActiveCfg = Debug|Any CPU
		{86497B5C-85A2-4604-BB46-A33C129E6829}.Debug|Any CPU.Build.0 = Debug|Any CPU
		{86497B5C-85A2-4604-BB46-A33C129E6829}.Debug|x64.ActiveCfg = Debug|Any CPU
		{86497B5C-85A2-4604-BB46-A33C129E6829}.Debug|x64.Build.0 = Debug|Any CPU
		{86497B5C-85A2-4604-BB46-A33C129E6829}.Debug|x86.ActiveCfg = Debug|Any CPU
		{86497B5C-85A2-4604-BB46-A33C129E6829}.Debug|x86.Build.0 = Debug|Any CPU
		{86497B5C-85A2-4604-BB46-A33C129E6829}.Release|Any CPU.ActiveCfg = Release|Any CPU
		{86497B5C-85A2-4604-BB46-A33C129E6829}.Release|Any CPU.Build.0 = Release|Any CPU
		{86497B5C-85A2-4604-BB46-A33C129E6829}.Release|x64.ActiveCfg = Release|Any CPU
		{86497B5C-85A2-4604-BB46-A33C129E6829}.Release|x64.Build.0 = Release|Any CPU
		{86497B5C-85A2-4604-BB46-A33C129E6829}.Release|x86.ActiveCfg = Release|Any CPU
		{86497B5C-85A2-4604-BB46-A33C129E6829}.Release|x86.Build.0 = Release|Any CPU
		{CF99F71D-53AC-4518-A104-FA7D4FBF0CDC}.Debug|Any CPU.ActiveCfg = Debug|Any CPU
		{CF99F71D-53AC-4518-A104-FA7D4FBF0CDC}.Debug|Any CPU.Build.0 = Debug|Any CPU
		{CF99F71D-53AC-4518-A104-FA7D4FBF0CDC}.Debug|x64.ActiveCfg = Debug|Any CPU
		{CF99F71D-53AC-4518-A104-FA7D4FBF0CDC}.Debug|x64.Build.0 = Debug|Any CPU
		{CF99F71D-53AC-4518-A104-FA7D4FBF0CDC}.Debug|x86.ActiveCfg = Debug|Any CPU
		{CF99F71D-53AC-4518-A104-FA7D4FBF0CDC}.Debug|x86.Build.0 = Debug|Any CPU
		{CF99F71D-53AC-4518-A104-FA7D4FBF0CDC}.Release|Any CPU.ActiveCfg = Release|Any CPU
		{CF99F71D-53AC-4518-A104-FA7D4FBF0CDC}.Release|Any CPU.Build.0 = Release|Any CPU
		{CF99F71D-53AC-4518-A104-FA7D4FBF0CDC}.Release|x64.ActiveCfg = Release|Any CPU
		{CF99F71D-53AC-4518-A104-FA7D4FBF0CDC}.Release|x64.Build.0 = Release|Any CPU
		{CF99F71D-53AC-4518-A104-FA7D4FBF0CDC}.Release|x86.ActiveCfg = Release|Any CPU
		{CF99F71D-53AC-4518-A104-FA7D4FBF0CDC}.Release|x86.Build.0 = Release|Any CPU
	EndGlobalSection
	GlobalSection(SolutionProperties) = preSolution
		HideSolutionNode = FALSE
	EndGlobalSection
	GlobalSection(NestedProjects) = preSolution
		{A1B2C3D4-E5F6-7890-ABCD-EF1234567890} = {D4E5F678-90AB-CDEF-1234-567890123456}
		{B2C3D4E5-F678-90AB-CDEF-123456789012} = {D4E5F678-90AB-CDEF-1234-567890123456}
		{C3D4E5F6-7890-ABCD-EF12-345678901234} = {D4E5F678-90AB-CDEF-1234-567890123456}
		{E5F67890-ABCD-EF12-3456-789012345678} = {F6789012-CDEF-1234-5678-901234567890}
		{F7890123-BCDE-F012-3456-789012345679} = {F6789012-CDEF-1234-5678-901234567890}
		{A8901234-CDEF-0123-4567-890123456780} = {F6789012-CDEF-1234-5678-901234567890}
		{C0123456-EF01-2345-6789-012345678902} = {B9012345-DEF0-1234-5678-901234567891}
		{363FBCF3-D916-41C1-B6D8-BB142E5DC84E} = {0AB3BF05-4346-4AA6-1389-037BE0695223}
		{1F3E627D-134D-4CAC-9A41-3FFF15265653} = {0AB3BF05-4346-4AA6-1389-037BE0695223}
		{DCD2BB20-F898-4A54-8D82-7D78E6E86B1D} = {0AB3BF05-4346-4AA6-1389-037BE0695223}
		{68222879-B1DF-49EC-B85F-40E26BA758C2} = {07C2787E-EAC7-C090-1BA3-A61EC2A24D84}
		{9D85A73C-9252-4379-823E-7836676A0458} = {F6789012-CDEF-1234-5678-901234567890}
		{9443131D-B027-4FA5-955B-ED4FDFF5D02C} = {D4E5F678-90AB-CDEF-1234-567890123456}
		{8D3780E4-057D-4C22-B186-A066667EB778} = {0AB3BF05-4346-4AA6-1389-037BE0695223}
		{FA11BBA8-09FF-473F-9DA0-6F4E2E5224B4} = {D4E5F678-90AB-CDEF-1234-567890123456}
		{847ECC27-B6CC-4A3E-89B6-E92B51715E9A} = {0AB3BF05-4346-4AA6-1389-037BE0695223}
		{86497B5C-85A2-4604-BB46-A33C129E6829} = {D4E5F678-90AB-CDEF-1234-567890123456}
		{CF99F71D-53AC-4518-A104-FA7D4FBF0CDC} = {0AB3BF05-4346-4AA6-1389-037BE0695223}
	EndGlobalSection
	GlobalSection(ExtensibilityGlobals) = postSolution
		SolutionGuid = {074345D4-2E9C-4743-8915-67A2DA09075C}
	EndGlobalSection
EndGlobal
