{
  "version": 2,
  "dependencies": {
    ".NETStandard,Version=v2.0": {
      "Microsoft.CodeAnalysis.Analyzers": {
        "type": "Direct",
        "requested": "[5.6.0, )",
        "resolved": "5.6.0",
        "contentHash": "30ffAcvc+M4xXFN06dg2bKyH5eXgJQmyuB5H5cpC47559rQV5x7vZRyyC/YakNLQtBG3IdW/ZAyLCMeDBGDxXg=="
      },
      "Microsoft.CodeAnalysis.CSharp": {
        "type": "Direct",
        "requested": "[5.0.0, )",
        "resolved": "5.0.0",
        "contentHash": "5DSyJ9bk+ATuDy7fp2Zt0mJStDVKbBoiz1DyfAwSa+k4H4IwykAUcV3URelw5b8/iVbfSaOwkwmPUZH6opZKCw==",
        "dependencies": {
          "Microsoft.CodeAnalysis.Analyzers": "3.11.0",
          "Microsoft.CodeAnalysis.Common": "[5.0.0]",
          "System.Buffers": "4.6.0",
          "System.Collections.Immutable": "9.0.0",
          "System.Memory": "4.6.0",
          "System.Numerics.Vectors": "4.6.0",
          "System.Reflection.Metadata": "9.0.0",
          "System.Runtime.CompilerServices.Unsafe": "6.1.0",
          "System.Text.Encoding.CodePages": "8.0.0",
          "System.Threading.Tasks.Extensions": "4.6.0"
        }
      },
      "NETStandard.Library": {
        "type": "Direct",
        "requested": "[2.0.3, )",
        "resolved": "2.0.3",
        "contentHash": "st47PosZSHrjECdjeIzZQbzivYBJFv6P2nv4cj2ypdI204DO+vZ7l5raGMiX4eXMJ53RfOIg+/s4DHVZ54Nu2A==",
        "dependencies": {
          "Microsoft.NETCore.Platforms": "1.1.0"
        }
      },
      "SonarAnalyzer.CSharp": {
        "type": "Direct",
        "requested": "[10.29.0.143774, )",
        "resolved": "10.29.0.143774",
        "contentHash": "YOBCHTjqb4ak7yjLQhQJ6S0+aTkgnuMcekjCrhWruyIIoWlB1C8W+Fgr18bWit+xx7Gd9sNl5sziOwh6D804Hg=="
      },
      "System.Text.Json": {
        "type": "Direct",
        "requested": "[10.0.10, )",
        "resolved": "10.0.10",
        "contentHash": "bmsO6UdYtBdtn32zYXfsh7KlyTIzV/3V9hdT9RIb4pXKgYOsNxXR+VbWigNwBtNFVGYGm6Hwmqw5a+/IWFd36Q==",
        "dependencies": {
          "Microsoft.Bcl.AsyncInterfaces": "10.0.10",
          "System.Buffers": "4.6.1",
          "System.IO.Pipelines": "10.0.10",
          "System.Memory": "4.6.3",
          "System.Runtime.CompilerServices.Unsafe": "6.1.2",
          "System.Text.Encodings.Web": "10.0.10",
          "System.Threading.Tasks.Extensions": "4.6.3"
        }
      },
      "Microsoft.Bcl.AsyncInterfaces": {
        "type": "Transitive",
        "resolved": "10.0.10",
        "contentHash": "TFI6OKYE1XZz4SGuTSH70c6SBdPpFktXsoa1gCxTr3mKrhmXirnvaS0tKz+J3ZWICEAmMpEGn59nO4ICtUpQXA==",
        "dependencies": {
          "System.Threading.Tasks.Extensions": "4.6.3"
        }
      },
      "Microsoft.CodeAnalysis.Common": {
        "type": "Transitive",
        "resolved": "5.0.0",
        "contentHash": "ZXRAdvH6GiDeHRyd3q/km8Z44RoM6FBWHd+gen/la81mVnAdHTEsEkO5J0TCNXBymAcx5UYKt5TvgKBhaLJEow==",
        "dependencies": {
          "Microsoft.CodeAnalysis.Analyzers": "3.11.0",
          "System.Buffers": "4.6.0",
          "System.Collections.Immutable": "9.0.0",
          "System.Memory": "4.6.0",
          "System.Numerics.Vectors": "4.6.0",
          "System.Reflection.Metadata": "9.0.0",
          "System.Runtime.CompilerServices.Unsafe": "6.1.0",
          "System.Text.Encoding.CodePages": "8.0.0",
          "System.Threading.Tasks.Extensions": "4.6.0"
        }
      },
      "Microsoft.NETCore.Platforms": {
        "type": "Transitive",
        "resolved": "1.1.0",
        "contentHash": "kz0PEW2lhqygehI/d6XsPCQzD7ff7gUJaVGPVETX611eadGsA3A877GdSlU0LRVMCTH/+P3o2iDTak+S08V2+A=="
      },
      "System.Buffers": {
        "type": "Transitive",
        "resolved": "4.6.1",
        "contentHash": "N8GXpmiLMtljq7gwvyS+1QvKT/W2J8sNAvx+HVg4NGmsG/H+2k/y9QI23auLJRterrzCiDH+IWAw4V/GPwsMlw=="
      },
      "System.Collections.Immutable": {
        "type": "Transitive",
        "resolved": "9.0.0",
        "contentHash": "QhkXUl2gNrQtvPmtBTQHb0YsUrDiDQ2QS09YbtTTiSjGcf7NBqtYbrG/BE06zcBPCKEwQGzIv13IVdXNOSub2w==",
        "dependencies": {
          "System.Memory": "4.5.5",
          "System.Runtime.CompilerServices.Unsafe": "6.0.0"
        }
      },
      "System.IO.Pipelines": {
        "type": "Transitive",
        "resolved": "10.0.10",
        "contentHash": "7WX0W96y3dpQdYG4sEGdh38g3/0lOD4/dKbn2rRVOVzKhzoZUn2gKNIKaFeKWs8RCbpFfmmEWsRhSy95hMpvqA==",
        "dependencies": {
          "System.Buffers": "4.6.1",
          "System.Memory": "4.6.3",
          "System.Threading.Tasks.Extensions": "4.6.3"
        }
      },
      "System.Memory": {
        "type": "Transitive",
        "resolved": "4.6.3",
        "contentHash": "qdcDOgnFZY40+Q9876JUHnlHu7bosOHX8XISRoH94fwk6hgaeQGSgfZd8srWRZNt5bV9ZW2TljcegDNxsf+96A==",
        "dependencies": {
          "System.Buffers": "4.6.1",
          "System.Numerics.Vectors": "4.6.1",
          "System.Runtime.CompilerServices.Unsafe": "6.1.2"
        }
      },
      "System.Numerics.Vectors": {
        "type": "Transitive",
        "resolved": "4.6.1",
        "contentHash": "sQxefTnhagrhoq2ReR0D/6K0zJcr9Hrd6kikeXsA1I8kOCboTavcUC4r7TSfpKFeE163uMuxZcyfO1mGO3EN8Q=="
      },
      "System.Reflection.Metadata": {
        "type": "Transitive",
        "resolved": "9.0.0",
        "contentHash": "ANiqLu3DxW9kol/hMmTWbt3414t9ftdIuiIU7j80okq2YzAueo120M442xk1kDJWtmZTqWQn7wHDvMRipVOEOQ==",
        "dependencies": {
          "System.Collections.Immutable": "9.0.0",
          "System.Memory": "4.5.5"
        }
      },
      "System.Runtime.CompilerServices.Unsafe": {
        "type": "Transitive",
        "resolved": "6.1.2",
        "contentHash": "2hBr6zdbIBTDE3EhK7NSVNdX58uTK6iHW/P/Axmm9sl1xoGSLqDvMtpecn226TNwHByFokYwJmt/aQQNlO5CRw=="
      },
      "System.Text.Encoding.CodePages": {
        "type": "Transitive",
        "resolved": "8.0.0",
        "contentHash": "OZIsVplFGaVY90G2SbpgU7EnCoOO5pw1t4ic21dBF3/1omrJFpAGoNAVpPyMVOC90/hvgkGG3VFqR13YgZMQfg==",
        "dependencies": {
          "System.Memory": "4.5.5",
          "System.Runtime.CompilerServices.Unsafe": "6.0.0"
        }
      },
      "System.Text.Encodings.Web": {
        "type": "Transitive",
        "resolved": "10.0.10",
        "contentHash": "o16m2YpDN/pjHsnxf9pTGwkpcuvjW8v1/wGUwJtM1c3QZUKm7ZEO/eYRJg7iIx6GxS2Zv9lAMHpiQwHDdgqauA==",
        "dependencies": {
          "System.Buffers": "4.6.1",
          "System.Memory": "4.6.3",
          "System.Runtime.CompilerServices.Unsafe": "6.1.2"
        }
      },
      "System.Threading.Tasks.Extensions": {
        "type": "Transitive",
        "resolved": "4.6.3",
        "contentHash": "7sCiwilJLYbTZELaKnc7RecBBXWXA+xMLQWZKWawBxYjp6DBlSE3v9/UcvKBvr1vv2tTOhipiogM8rRmxlhrVA==",
        "dependencies": {
          "System.Runtime.CompilerServices.Unsafe": "6.1.2"
        }
      }
    }
  }
}