{
  "version": 2,
  "dependencies": {
    "net10.0": {
      "DotRecast.Detour": {
        "type": "Direct",
        "requested": "[2024.4.1, )",
        "resolved": "2024.4.1",
        "contentHash": "Oygo4nZ+qHLW7yL59XMiHtEZ+hqURDK2kXWxBar4Ru+3vQgrtPb3U5tUxVmGAniAasXQesZ3gawX68hPyy+vKg==",
        "dependencies": {
          "DotRecast.Core": "2024.4.1"
        }
      },
      "DotRecast.Recast": {
        "type": "Direct",
        "requested": "[2024.4.1, )",
        "resolved": "2024.4.1",
        "contentHash": "aLQkJ/2DYWiVdJYeDupYpmzhdlx0gc9i/Vnsvcjd8tWdnUcP76qYNd15QgIyWBw7OtzPeI7xazhjYZabxa20Pg==",
        "dependencies": {
          "DotRecast.Core": "2024.4.1"
        }
      },
      "Microsoft.NET.ILLink.Tasks": {
        "type": "Direct",
        "requested": "[10.0.1, )",
        "resolved": "10.0.1",
        "contentHash": "ISahzLHsHY7vrwqr2p1YWZ+gsxoBRtH7gWRDK8fDUst9pp2He0GiesaqEfeX0V8QMCJM3eNEHGGpnIcPjFo2NQ=="
      },
      "SonarAnalyzer.CSharp": {
        "type": "Direct",
        "requested": "[10.16.1.129956, )",
        "resolved": "10.16.1.129956",
        "contentHash": "XjMarxz00Xc+GD8JGYut1swL0RIw2iwfBhltEITsxsqC/MDLjK+8dk58fPYkS+YPwtdqzkU4VUuSqX3qrN2HYA=="
      },
      "keeneyes.abstractions": {
        "type": "Project"
      },
      "keeneyes.common": {
        "type": "Project",
        "dependencies": {
          "KeenEyes.Abstractions": "[1.0.0, )"
        }
      },
      "keeneyes.navigation.abstractions": {
        "type": "Project",
        "dependencies": {
          "KeenEyes.Abstractions": "[1.0.0, )"
        }
      },
      "DotRecast.Core": {
        "type": "CentralTransitive",
        "requested": "[2024.4.1, )",
        "resolved": "2024.4.1",
        "contentHash": "R66gUYaYclSec++cbJBCh9GdS40AV5l2Lvo16t9KFK/T9YNpJUCEm1ys4YMNswV2OZBVkr6+/T5oCmXgcbIKug=="
      }
    }
  }
}