{
  "version": 2,
  "dependencies": {
    "net10.0": {
      "DotRecast.Detour": {
        "type": "Direct",
        "requested": "[2026.1.3, )",
        "resolved": "2026.1.3",
        "contentHash": "t7Mh/tbueiKJ8MuH33gVSWYGNAas4K9BBMsASEnn9yI6Op+N5fylAaaVpGPaRmobKweyL9oBmH1Y/7Miwobuiw==",
        "dependencies": {
          "DotRecast.Core": "2026.1.3"
        }
      },
      "DotRecast.Detour.Crowd": {
        "type": "Direct",
        "requested": "[2026.1.3, )",
        "resolved": "2026.1.3",
        "contentHash": "TvdiyfG3wpcAOX12Pt/iAGtYNyHbGPa8SyYDJjivN0n2pt//8Llr3eHzOP7Gbkln0fFUTgCjTiaIoEE0rXV2XA==",
        "dependencies": {
          "DotRecast.Detour": "2026.1.3"
        }
      },
      "DotRecast.Recast": {
        "type": "Direct",
        "requested": "[2026.1.3, )",
        "resolved": "2026.1.3",
        "contentHash": "7neVO7d9WZ/pIRyE+MPBcFILrD9x9JebikwImtCA01cIcPbOyEskA1KUotngxPbm/T7HTJqit7qmBwhV9GlLeA==",
        "dependencies": {
          "DotRecast.Core": "2026.1.3"
        }
      },
      "Microsoft.NET.ILLink.Tasks": {
        "type": "Direct",
        "requested": "[10.0.9, )",
        "resolved": "10.0.9",
        "contentHash": "OlcegtpIM8XB7OKBuKrO77ttGRPlGd4F1OBGKda409nwwGZeTWyK9/8WGrgni2zynkZXi/w+H2gjP5uj4zfoJg=="
      },
      "SonarAnalyzer.CSharp": {
        "type": "Direct",
        "requested": "[10.29.0.143774, )",
        "resolved": "10.29.0.143774",
        "contentHash": "YOBCHTjqb4ak7yjLQhQJ6S0+aTkgnuMcekjCrhWruyIIoWlB1C8W+Fgr18bWit+xx7Gd9sNl5sziOwh6D804Hg=="
      },
      "keeneyes.abstractions": {
        "type": "Project"
      },
      "keeneyes.common": {
        "type": "Project",
        "dependencies": {
          "KeenEyes.Abstractions": "[1.0.0, )"
        }
      },
      "keeneyes.navigation.abstractions": {
        "type": "Project",
        "dependencies": {
          "KeenEyes.Abstractions": "[1.0.0, )"
        }
      },
      "DotRecast.Core": {
        "type": "CentralTransitive",
        "requested": "[2026.1.3, )",
        "resolved": "2026.1.3",
        "contentHash": "d+3AfgrG1KfbzrWrcQEASLd4rcI5w0Hp9xI6/T4pFnZhxcO3pKU1mZ9H149axeg0rx36Tf3x3mSGuk0ivLP2Lw=="
      }
    }
  }
}