{
  "version": 2,
  "dependencies": {
    "net10.0": {
      "SonarAnalyzer.CSharp": {
        "type": "Direct",
        "requested": "[10.17.0.131074, )",
        "resolved": "10.17.0.131074",
        "contentHash": "N8agHzX1pK3Xv/fqMig/mHspPAmh/aKkGg7lUC1xfezAhFtPTuRqBjuyas622Tvy5jnsN5zCXJVclvNkfJJ4rQ=="
      },
      "Cyotek.Drawing.BitmapFont": {
        "type": "Transitive",
        "resolved": "2.0.4",
        "contentHash": "iA6WehGVdMUuNbfsQQDq/Bt+mMd/OqHjiMUtKFLIQd/0pyYh4ehT7FEjTxN9/4OXNKQZsp9bAJgltP2nnswUJg=="
      },
      "FontStashSharp.Base": {
        "type": "Transitive",
        "resolved": "1.2.2",
        "contentHash": "t2PT+/Sat9WPLm4AVYU1Aa/PrOgNQ4npSUGDHTYufXzLUHxrN3+BaRhAU0DZXkJNfuGCS5iKaQNopNXe9ES24g=="
      },
      "FontStashSharp.Rasterizers.StbTrueTypeSharp": {
        "type": "Transitive",
        "resolved": "1.2.2",
        "contentHash": "OoXoGkxNMhyQeYR/wjeN6Bs8Guea7FisKXLcVJdeNtSYT+5iKxIh4ETi9x9OIk7GEQtNbE0yVhG3rb8RS04Kmg==",
        "dependencies": {
          "FontStashSharp.Base": "1.2.2",
          "StbTrueTypeSharp": "1.26.12"
        }
      },
      "Microsoft.DotNet.PlatformAbstractions": {
        "type": "Transitive",
        "resolved": "3.1.6",
        "contentHash": "jek4XYaQ/PGUwDKKhwR8K47Uh1189PFzMeLqO83mXrXQVIpARZCcfuDedH50YDTepBkfijCZN5U/vZi++erxtg=="
      },
      "Microsoft.Extensions.DependencyModel": {
        "type": "Transitive",
        "resolved": "8.0.0",
        "contentHash": "NSmDw3K0ozNDgShSIpsZcbFIzBX4w28nDag+TfaQujkXGazBm+lid5onlWoCBy4VsLxqnnKjEBbGSJVWJMf43g=="
      },
      "Microsoft.Extensions.ObjectPool": {
        "type": "Transitive",
        "resolved": "8.0.10",
        "contentHash": "u7gAG7JgxF8VSJUGPSudAcPxOt+ymJKQCSxNRxiuKV+klCQbHljQR75SilpedCTfhPWDhtUwIJpnDVtspr9nMg=="
      },
      "Newtonsoft.Json": {
        "type": "Transitive",
        "resolved": "13.0.3",
        "contentHash": "HrC5BXdl00IP9zeV+0Z848QWPAoCr9P3bDEZguI+gkLcBKAOxix/tLEAAHC+UvDNPv4a2d18lOReHMOagPa+zQ=="
      },
      "NuGet.Common": {
        "type": "Transitive",
        "resolved": "7.0.1",
        "contentHash": "AegMASeOhhm2flGk53b/YtINs2H+zKMnV5fTs3rRo08JMQ3gqrbJUSjiEMOKt5d541IhVA+pHDWVsDCZ+5g7Fg==",
        "dependencies": {
          "NuGet.Frameworks": "7.0.1"
        }
      },
      "NuGet.Frameworks": {
        "type": "Transitive",
        "resolved": "7.0.1",
        "contentHash": "dUDwg8VYTyT+ZbLdC7hUUHFF530HeRl4jcxclKJY0o96f3nv0eZvojXwjRkq2HKzuyRCcVD4T24aEF83CUmBzA=="
      },
      "NuGet.Packaging": {
        "type": "Transitive",
        "resolved": "7.0.1",
        "contentHash": "hpC6Fx5VlMa42cSZDQ10TKDFHLoMpa8NbDwYSnCiGd4IPiG9+5ywWuxHjVbYYA7/PmJry5hs1GyJjvHV8bQmLw==",
        "dependencies": {
          "Newtonsoft.Json": "13.0.3",
          "NuGet.Configuration": "7.0.1",
          "NuGet.Versioning": "7.0.1",
          "System.Security.Cryptography.Pkcs": "9.0.6"
        }
      },
      "Silk.NET.Core": {
        "type": "Transitive",
        "resolved": "2.22.0",
        "contentHash": "XbDilPmvsQIrvxZkeVCNNX3LyRtA3hN6UykAiyZjlu/JkYh68U3WQummpP+j7jsxlX8s/pOrrU3vbN8LnMl0VA==",
        "dependencies": {
          "Microsoft.DotNet.PlatformAbstractions": "3.1.6",
          "Microsoft.Extensions.DependencyModel": "8.0.0"
        }
      },
      "Silk.NET.GLFW": {
        "type": "Transitive",
        "resolved": "2.22.0",
        "contentHash": "I1u6CmwwtD+5OIHditbMBVHRQUHZWhfW3Z38mvydxwkZpAvjs5BCxyen6ecOVpbYD6I0EOjZ42M3IsaZbwiYUg==",
        "dependencies": {
          "Silk.NET.Core": "2.22.0",
          "Ultz.Native.GLFW": "3.4.0"
        }
      },
      "Silk.NET.Input.Common": {
        "type": "Transitive",
        "resolved": "2.22.0",
        "contentHash": "DZy30akJABBmTnn8OICik0TFEuXrkd7YCQvoq+oh50eJzXt8JgEYYa+sJYBib/Phs5WULZg/QR7fM8Gi1G3tXg==",
        "dependencies": {
          "Silk.NET.Windowing.Common": "2.22.0"
        }
      },
      "Silk.NET.Input.Glfw": {
        "type": "Transitive",
        "resolved": "2.22.0",
        "contentHash": "LZPZT1e/RxnjKfkqlp2Wp8KJFP1Av/ErTCZ00EzZpFR1lhUSBgSmgJwXg6XlWoEJHyeJcsXV688zjoEe6YW0BA==",
        "dependencies": {
          "Silk.NET.Input.Common": "2.22.0",
          "Silk.NET.Windowing.Glfw": "2.22.0"
        }
      },
      "Silk.NET.Windowing.Common": {
        "type": "Transitive",
        "resolved": "2.22.0",
        "contentHash": "ynasHSQ4jGrmpn/07UagE3qVNRLzWvg+fbM8uHI0d5LF95y++Kuno42QLkP/UEruC1YovI+NRhMfGJy0gDQaZg==",
        "dependencies": {
          "Silk.NET.Core": "2.22.0",
          "Silk.NET.Maths": "2.22.0"
        }
      },
      "Silk.NET.Windowing.Glfw": {
        "type": "Transitive",
        "resolved": "2.22.0",
        "contentHash": "hBNxNSLvx/jdfvbU6oCsXcgLfqf9hMlEc6Mq/rllJ0eUTLloacuOZHTM8V702QGf7hOR+Mo4bTFqTqBnC0CM7g==",
        "dependencies": {
          "Silk.NET.GLFW": "2.22.0",
          "Silk.NET.Windowing.Common": "2.22.0"
        }
      },
      "StbTrueTypeSharp": {
        "type": "Transitive",
        "resolved": "1.26.12",
        "contentHash": "hCc6/OsfcPa5VsLECcEU2m78WOshBrKwK42nAodSm9Z5wH68f7n66SoiRLCdGCkDaqbWz2TlX4zYHIjogj1HJA=="
      },
      "System.Security.Cryptography.Pkcs": {
        "type": "Transitive",
        "resolved": "9.0.6",
        "contentHash": "Gny8p2mX0jc5rjh+PA4Gx5GG66sj2C+e+ro7+j/3IsKT/bmQ84tGRV+XKaG+5/CTCdwkSSKDWEQ1rJd0J5jE0Q=="
      },
      "System.Security.Cryptography.ProtectedData": {
        "type": "Transitive",
        "resolved": "9.0.6",
        "contentHash": "yErfw/3pZkJE/VKza/Cm5idTpIKOy/vsmVi59Ta5SruPVtubzxb8CtnE8tyUpzs5pr0Y28GUFfSVzAhCLN3F/Q=="
      },
      "Ultz.Native.GLFW": {
        "type": "Transitive",
        "resolved": "3.4.0",
        "contentHash": "Iy22JopynbOJ32vA0lBhFEzGi65GQJBuJHYBYRBpydrDpNoTiHnjIXfA65Gu+8qsOr/ZEoIF8r9aHCgAXuO6DA=="
      },
      "keeneyes.abstractions": {
        "type": "Project"
      },
      "keeneyes.ai": {
        "type": "Project",
        "dependencies": {
          "KeenEyes.Abstractions": "[1.0.0, )",
          "KeenEyes.Common": "[1.0.0, )",
          "KeenEyes.Core": "[1.0.0, )",
          "KeenEyes.Navigation": "[1.0.0, )",
          "KeenEyes.Navigation.Abstractions": "[1.0.0, )"
        }
      },
      "keeneyes.animation": {
        "type": "Project",
        "dependencies": {
          "KeenEyes.Common": "[1.0.0, )",
          "KeenEyes.Graphics.Abstractions": "[1.0.0, )"
        }
      },
      "keeneyes.assets": {
        "type": "Project",
        "dependencies": {
          "KeenEyes.Abstractions": "[1.0.0, )",
          "KeenEyes.Animation": "[1.0.0, )",
          "KeenEyes.Audio.Abstractions": "[1.0.0, )",
          "KeenEyes.Common": "[1.0.0, )",
          "KeenEyes.Core": "[1.0.0, )",
          "KeenEyes.Graphics.Abstractions": "[1.0.0, )",
          "NLayer": "[1.16.0, )",
          "NVorbis": "[0.10.5, )",
          "SharpGLTF.Core": "[1.0.6, )",
          "StbImageSharp": "[2.30.15, )"
        }
      },
      "keeneyes.audio.abstractions": {
        "type": "Project",
        "dependencies": {
          "KeenEyes.Abstractions": "[1.0.0, )"
        }
      },
      "keeneyes.common": {
        "type": "Project",
        "dependencies": {
          "KeenEyes.Abstractions": "[1.0.0, )"
        }
      },
      "keeneyes.core": {
        "type": "Project",
        "dependencies": {
          "KeenEyes.Abstractions": "[1.0.0, )"
        }
      },
      "keeneyes.editor": {
        "type": "Project",
        "dependencies": {
          "KeenEyes.AI": "[1.0.0, )",
          "KeenEyes.Common": "[1.0.0, )",
          "KeenEyes.Core": "[1.0.0, )",
          "KeenEyes.Editor.Abstractions": "[1.0.0, )",
          "KeenEyes.Editor.Common": "[1.0.0, )",
          "KeenEyes.Graphics.Silk": "[1.0.0, )",
          "KeenEyes.Input.Silk": "[1.0.0, )",
          "KeenEyes.Logging": "[1.0.0, )",
          "KeenEyes.Navigation.Abstractions": "[1.0.0, )",
          "KeenEyes.Navigation.DotRecast": "[1.0.0, )",
          "KeenEyes.Platform.Silk": "[1.0.0, )",
          "KeenEyes.Replay": "[1.0.0, )",
          "KeenEyes.Runtime": "[1.0.0, )",
          "KeenEyes.TestBridge": "[1.0.0, )",
          "KeenEyes.TestBridge.Abstractions": "[1.0.0, )",
          "KeenEyes.TestBridge.Ipc": "[1.0.0, )",
          "KeenEyes.UI": "[1.0.0, )",
          "NuGet.Configuration": "[7.0.1, )",
          "NuGet.Protocol": "[7.0.1, )",
          "NuGet.Versioning": "[7.0.1, )"
        }
      },
      "keeneyes.editor.abstractions": {
        "type": "Project",
        "dependencies": {
          "KeenEyes.Abstractions": "[1.0.0, )",
          "KeenEyes.Graphics.Abstractions": "[1.0.0, )"
        }
      },
      "keeneyes.editor.common": {
        "type": "Project",
        "dependencies": {
          "KeenEyes.Editor.Abstractions": "[1.0.0, )"
        }
      },
      "keeneyes.graphics.abstractions": {
        "type": "Project",
        "dependencies": {
          "KeenEyes.Abstractions": "[1.0.0, )",
          "KeenEyes.Common": "[1.0.0, )"
        }
      },
      "keeneyes.graphics.silk": {
        "type": "Project",
        "dependencies": {
          "FontStashSharp.PlatformAgnostic": "[1.5.2, )",
          "KeenEyes.Common": "[1.0.0, )",
          "KeenEyes.Graphics.Abstractions": "[1.0.0, )",
          "KeenEyes.Platform.Silk": "[1.0.0, )",
          "KeenEyes.Platform.Silk.Abstractions": "[1.0.0, )",
          "Silk.NET.Maths": "[2.22.0, )",
          "Silk.NET.OpenGL": "[2.22.0, )"
        }
      },
      "keeneyes.input": {
        "type": "Project",
        "dependencies": {
          "KeenEyes.Abstractions": "[1.0.0, )",
          "KeenEyes.Input.Abstractions": "[1.0.0, )"
        }
      },
      "keeneyes.input.abstractions": {
        "type": "Project",
        "dependencies": {
          "KeenEyes.Abstractions": "[1.0.0, )"
        }
      },
      "keeneyes.input.silk": {
        "type": "Project",
        "dependencies": {
          "KeenEyes.Input": "[1.0.0, )",
          "KeenEyes.Input.Abstractions": "[1.0.0, )",
          "KeenEyes.Platform.Silk.Abstractions": "[1.0.0, )",
          "Silk.NET.Input": "[2.22.0, )"
        }
      },
      "keeneyes.localization": {
        "type": "Project",
        "dependencies": {
          "KeenEyes.Abstractions": "[1.0.0, )",
          "KeenEyes.Assets": "[1.0.0, )",
          "KeenEyes.Common": "[1.0.0, )",
          "KeenEyes.Core": "[1.0.0, )",
          "KeenEyes.UI.Abstractions": "[1.0.0, )",
          "MessageFormat": "[7.1.3, )"
        }
      },
      "keeneyes.logging": {
        "type": "Project",
        "dependencies": {
          "KeenEyes.Abstractions": "[1.0.0, )"
        }
      },
      "keeneyes.navigation": {
        "type": "Project",
        "dependencies": {
          "KeenEyes.Common": "[1.0.0, )",
          "KeenEyes.Navigation.Abstractions": "[1.0.0, )"
        }
      },
      "keeneyes.navigation.abstractions": {
        "type": "Project",
        "dependencies": {
          "KeenEyes.Abstractions": "[1.0.0, )"
        }
      },
      "keeneyes.navigation.dotrecast": {
        "type": "Project",
        "dependencies": {
          "DotRecast.Detour": "[2024.4.1, )",
          "DotRecast.Recast": "[2024.4.1, )",
          "KeenEyes.Common": "[1.0.0, )",
          "KeenEyes.Navigation.Abstractions": "[1.0.0, )"
        }
      },
      "keeneyes.network.abstractions": {
        "type": "Project",
        "dependencies": {
          "KeenEyes.Abstractions": "[1.0.0, )"
        }
      },
      "keeneyes.persistence": {
        "type": "Project",
        "dependencies": {
          "KeenEyes.Common": "[1.0.0, )",
          "KeenEyes.Core": "[1.0.0, )"
        }
      },
      "keeneyes.platform.silk": {
        "type": "Project",
        "dependencies": {
          "KeenEyes.Abstractions": "[1.0.0, )",
          "KeenEyes.Platform.Silk.Abstractions": "[1.0.0, )",
          "Silk.NET.Input": "[2.22.0, )",
          "Silk.NET.Windowing": "[2.22.0, )"
        }
      },
      "keeneyes.platform.silk.abstractions": {
        "type": "Project",
        "dependencies": {
          "Silk.NET.Input": "[2.22.0, )",
          "Silk.NET.Windowing": "[2.22.0, )"
        }
      },
      "keeneyes.replay": {
        "type": "Project",
        "dependencies": {
          "KeenEyes.Common": "[1.0.0, )",
          "KeenEyes.Core": "[1.0.0, )"
        }
      },
      "keeneyes.runtime": {
        "type": "Project",
        "dependencies": {
          "KeenEyes.Abstractions": "[1.0.0, )"
        }
      },
      "keeneyes.testbridge": {
        "type": "Project",
        "dependencies": {
          "KeenEyes.Core": "[1.0.0, )",
          "KeenEyes.Graphics.Abstractions": "[1.0.0, )",
          "KeenEyes.Logging": "[1.0.0, )",
          "KeenEyes.TestBridge.Abstractions": "[1.0.0, )",
          "KeenEyes.Testing": "[1.0.0, )",
          "StbImageWriteSharp": "[1.16.7, )"
        }
      },
      "keeneyes.testbridge.abstractions": {
        "type": "Project",
        "dependencies": {
          "KeenEyes.Abstractions": "[1.0.0, )",
          "KeenEyes.Input.Abstractions": "[1.0.0, )"
        }
      },
      "keeneyes.testbridge.ipc": {
        "type": "Project",
        "dependencies": {
          "KeenEyes.Input.Abstractions": "[1.0.0, )",
          "KeenEyes.TestBridge": "[1.0.0, )",
          "KeenEyes.TestBridge.Abstractions": "[1.0.0, )"
        }
      },
      "keeneyes.testing": {
        "type": "Project",
        "dependencies": {
          "KeenEyes.Abstractions": "[1.0.0, )",
          "KeenEyes.Core": "[1.0.0, )",
          "KeenEyes.Graphics.Abstractions": "[1.0.0, )",
          "KeenEyes.Input.Abstractions": "[1.0.0, )",
          "KeenEyes.Logging": "[1.0.0, )",
          "KeenEyes.Network.Abstractions": "[1.0.0, )",
          "KeenEyes.Persistence": "[1.0.0, )",
          "KeenEyes.TestBridge.Abstractions": "[1.0.0, )"
        }
      },
      "keeneyes.ui": {
        "type": "Project",
        "dependencies": {
          "KeenEyes.Abstractions": "[1.0.0, )",
          "KeenEyes.Common": "[1.0.0, )",
          "KeenEyes.Core": "[1.0.0, )",
          "KeenEyes.Graphics.Abstractions": "[1.0.0, )",
          "KeenEyes.Input.Abstractions": "[1.0.0, )",
          "KeenEyes.Localization": "[1.0.0, )",
          "KeenEyes.UI.Abstractions": "[1.0.0, )"
        }
      },
      "keeneyes.ui.abstractions": {
        "type": "Project",
        "dependencies": {
          "KeenEyes.Abstractions": "[1.0.0, )",
          "KeenEyes.Graphics.Abstractions": "[1.0.0, )",
          "KeenEyes.Input.Abstractions": "[1.0.0, )"
        }
      },
      "DotRecast.Core": {
        "type": "CentralTransitive",
        "requested": "[2024.4.1, )",
        "resolved": "2024.4.1",
        "contentHash": "R66gUYaYclSec++cbJBCh9GdS40AV5l2Lvo16t9KFK/T9YNpJUCEm1ys4YMNswV2OZBVkr6+/T5oCmXgcbIKug=="
      },
      "DotRecast.Detour": {
        "type": "CentralTransitive",
        "requested": "[2024.4.1, )",
        "resolved": "2024.4.1",
        "contentHash": "Oygo4nZ+qHLW7yL59XMiHtEZ+hqURDK2kXWxBar4Ru+3vQgrtPb3U5tUxVmGAniAasXQesZ3gawX68hPyy+vKg==",
        "dependencies": {
          "DotRecast.Core": "2024.4.1"
        }
      },
      "DotRecast.Recast": {
        "type": "CentralTransitive",
        "requested": "[2024.4.1, )",
        "resolved": "2024.4.1",
        "contentHash": "aLQkJ/2DYWiVdJYeDupYpmzhdlx0gc9i/Vnsvcjd8tWdnUcP76qYNd15QgIyWBw7OtzPeI7xazhjYZabxa20Pg==",
        "dependencies": {
          "DotRecast.Core": "2024.4.1"
        }
      },
      "FontStashSharp.PlatformAgnostic": {
        "type": "CentralTransitive",
        "requested": "[1.5.2, )",
        "resolved": "1.5.2",
        "contentHash": "/Srtf2DyIBBTbaZ4jpOQZnGFoEcbiXPMZnPuSft8MkMdbMYgCXPD5S123a992qTGVFKQjD9IGapd7Kyg2GD6sw==",
        "dependencies": {
          "Cyotek.Drawing.BitmapFont": "2.0.4",
          "FontStashSharp.Base": "1.2.2",
          "FontStashSharp.Rasterizers.StbTrueTypeSharp": "1.2.2",
          "StbImageSharp": "2.30.15"
        }
      },
      "MessageFormat": {
        "type": "CentralTransitive",
        "requested": "[7.1.3, )",
        "resolved": "7.1.3",
        "contentHash": "go1/KHij1AB5K3nKiKKzSuSVIAKivgAnC3P6FAOOhB/WMg7y6lw9n95LCyABVuoewk4CNI8S0RZVvC6gkeTp7g==",
        "dependencies": {
          "Microsoft.Extensions.ObjectPool": "8.0.10"
        }
      },
      "NLayer": {
        "type": "CentralTransitive",
        "requested": "[1.16.0, )",
        "resolved": "1.16.0",
        "contentHash": "G/AexTjdl6cm0wYlkCkQgtpPLBc5vOWyOTIQpeC6p8V8fb7kbCYA+fEHFPJiU+KeRHH4Q1RGqTFyf9uqVALnkQ=="
      },
      "NuGet.Configuration": {
        "type": "CentralTransitive",
        "requested": "[7.0.1, )",
        "resolved": "7.0.1",
        "contentHash": "En8aIvZywOmgi+Q2Tv7VUELSYc3OCTwmzItr2N3j5pVIBQE92HbOa1b4+fJJbl9X/rAOkNon3fxjwYeqrdMRrw==",
        "dependencies": {
          "NuGet.Common": "7.0.1",
          "System.Security.Cryptography.ProtectedData": "9.0.6"
        }
      },
      "NuGet.Protocol": {
        "type": "CentralTransitive",
        "requested": "[7.0.1, )",
        "resolved": "7.0.1",
        "contentHash": "bYPzTqgOSsXV8AxXXFCCPtAtlxwph0DVtdM8AlaKTGLClHDx7VAlL4cCIcVl2iEzQuG1uC79SvzllvKi1grcNw==",
        "dependencies": {
          "NuGet.Packaging": "7.0.1"
        }
      },
      "NuGet.Versioning": {
        "type": "CentralTransitive",
        "requested": "[7.0.1, )",
        "resolved": "7.0.1",
        "contentHash": "tu68LnZqiLM/VyLQzPRqedopMi/M+5/6JqwB2Xkd0AWXRpUWewkVv77asVB7wgjMPVzQFK2sBy7AuxV49UzuvQ=="
      },
      "NVorbis": {
        "type": "CentralTransitive",
        "requested": "[0.10.5, )",
        "resolved": "0.10.5",
        "contentHash": "o+IptCG4Avze39HrGeztC+xIp6fOOwGVAwkoa1J++4Ji1WmZ+KIKlFl5wsgxsXqBkmdpfs/vFSUproiLKYa2bw=="
      },
      "SharpGLTF.Core": {
        "type": "CentralTransitive",
        "requested": "[1.0.6, )",
        "resolved": "1.0.6",
        "contentHash": "m3qIvUnpvRRfQ0fp0TFfpPk+vsHkCIOf/uIVJ19fe9dwa29KCO/PeHVXKAph8nsFxFLXitTIIqCa5W8JGLMhBg=="
      },
      "Silk.NET.Input": {
        "type": "CentralTransitive",
        "requested": "[2.22.0, )",
        "resolved": "2.22.0",
        "contentHash": "1gqbKHrKpBv2Vk983kVpMqXL4Uj36NaUIQ2YbQosFVa3pXJE8UMGiWqKtaeoMqnzItusZ1WYgDHKge37EvNm/w==",
        "dependencies": {
          "Silk.NET.Input.Common": "2.22.0",
          "Silk.NET.Input.Glfw": "2.22.0"
        }
      },
      "Silk.NET.Maths": {
        "type": "CentralTransitive",
        "requested": "[2.22.0, )",
        "resolved": "2.22.0",
        "contentHash": "W9b5UlUGCu5Ywb5f8ZyIWJ475ucY+mT/nEiSTo3JH098VxHaZS/02bYr9f29VWBaJhh3DwMkfxQvgTyXzTrHyw=="
      },
      "Silk.NET.OpenGL": {
        "type": "CentralTransitive",
        "requested": "[2.22.0, )",
        "resolved": "2.22.0",
        "contentHash": "AmbtflPvaGWw7fHEHrcFTd54OTAj0bemzx4WV2ELJdW2NBPSvtyz31nhyuBVTml20+NtW4Z3yhDGUpM6uouVDQ==",
        "dependencies": {
          "Silk.NET.Core": "2.22.0",
          "Silk.NET.Maths": "2.22.0"
        }
      },
      "Silk.NET.Windowing": {
        "type": "CentralTransitive",
        "requested": "[2.22.0, )",
        "resolved": "2.22.0",
        "contentHash": "yKGe/8REdm+T43LdtfUpFUx9eQARwx6wTmEoJ2bANVGQPCvWYC2Qi1+haT6n63dyNIX+iJWKg4++F4TFjg0/Fw==",
        "dependencies": {
          "Silk.NET.Windowing.Common": "2.22.0",
          "Silk.NET.Windowing.Glfw": "2.22.0"
        }
      },
      "StbImageSharp": {
        "type": "CentralTransitive",
        "requested": "[2.30.15, )",
        "resolved": "2.30.15",
        "contentHash": "7QqbupVhz2kcFUPTgMw4iHR9rYDHGundzzee19Mwmd1typ2Lnv8EVJcLJxlkeBM2+4ex0NwsMtdbGSJctp1XCQ=="
      },
      "StbImageWriteSharp": {
        "type": "CentralTransitive",
        "requested": "[1.16.7, )",
        "resolved": "1.16.7",
        "contentHash": "NF9kOxi0iS9VunklnRKgOpAWC2knCGKRjdy7RT6XAqYNyb7LQfyPHPdl4l1fJw7TFYKrGQzQOmK1XpBONC2MoA=="
      }
    }
  }
}