{
  "version": 2,
  "dependencies": {
    "net10.0": {
      "SonarAnalyzer.CSharp": {
        "type": "Direct",
        "requested": "[10.29.0.143774, )",
        "resolved": "10.29.0.143774",
        "contentHash": "YOBCHTjqb4ak7yjLQhQJ6S0+aTkgnuMcekjCrhWruyIIoWlB1C8W+Fgr18bWit+xx7Gd9sNl5sziOwh6D804Hg=="
      },
      "Cyotek.Drawing.BitmapFont": {
        "type": "Transitive",
        "resolved": "2.0.4",
        "contentHash": "iA6WehGVdMUuNbfsQQDq/Bt+mMd/OqHjiMUtKFLIQd/0pyYh4ehT7FEjTxN9/4OXNKQZsp9bAJgltP2nnswUJg=="
      },
      "FontStashSharp.Base": {
        "type": "Transitive",
        "resolved": "1.2.3",
        "contentHash": "kw8ovakGHz8jCah+H5M7qI8aOvtESF0jQRpcpubXUMsSid86dRO6DoDPlh+Tk/XAW5a3XgzGDgsHfeZTfZTr+Q=="
      },
      "FontStashSharp.Rasterizers.StbTrueTypeSharp": {
        "type": "Transitive",
        "resolved": "1.2.3",
        "contentHash": "xjzgWeiaODbW7DR/kI05V7C3CVtDvtB+4TrgX4EKNpRGzxb42vsvXKWrXORQWU2LCLnPPqdBNNSgtRujnpK2ww==",
        "dependencies": {
          "FontStashSharp.Base": "1.2.3",
          "StbTrueTypeSharp": "1.26.12"
        }
      },
      "Microsoft.DotNet.PlatformAbstractions": {
        "type": "Transitive",
        "resolved": "3.1.6",
        "contentHash": "jek4XYaQ/PGUwDKKhwR8K47Uh1189PFzMeLqO83mXrXQVIpARZCcfuDedH50YDTepBkfijCZN5U/vZi++erxtg=="
      },
      "Microsoft.Extensions.DependencyModel": {
        "type": "Transitive",
        "resolved": "9.0.9",
        "contentHash": "fNGvKct2De8ghm0Bpfq0iWthtzIWabgOTi+gJhNOPhNJIowXNEUE2eZNW/zNCzrHVA3PXg2yZ+3cWZndC2IqYA=="
      },
      "Silk.NET.Core": {
        "type": "Transitive",
        "resolved": "2.23.0",
        "contentHash": "D7AT/nnwlB+4RZ84XY8QNGBZMJI5z9l4CSSETIJ1wCfRJzRt/341y3MRZ4HbnFz4r/IGaWOEZr86iE+0/65yyQ==",
        "dependencies": {
          "Microsoft.DotNet.PlatformAbstractions": "3.1.6",
          "Microsoft.Extensions.DependencyModel": "9.0.9"
        }
      },
      "Silk.NET.GLFW": {
        "type": "Transitive",
        "resolved": "2.23.0",
        "contentHash": "UIs4sH57xlPUNHQ/1bt9rymPWlGy8IMDCNv86h0iM4TOA1CkIx0XM/n/tA4AReh1zQkNrvkxPEdZ3Blvy1dyXg==",
        "dependencies": {
          "Silk.NET.Core": "2.23.0",
          "Ultz.Native.GLFW": "3.4.0"
        }
      },
      "Silk.NET.Input.Common": {
        "type": "Transitive",
        "resolved": "2.23.0",
        "contentHash": "QbJVV7kFBHEByayXCYdJtXXI9Sp4a+QAf0IdGV6uCWkFYcEmqBYW3aaNGvFOdSwTBDbHL5T/OtOCrGh4qYhk7A==",
        "dependencies": {
          "Silk.NET.Windowing.Common": "2.23.0"
        }
      },
      "Silk.NET.Input.Glfw": {
        "type": "Transitive",
        "resolved": "2.23.0",
        "contentHash": "KGHYqsv/IQRJtD6dloYh2tN4CkaM40vxM2kj0cGKBoCQiBDYHHhJiyDTyMPx0W7Fz5IgnhnG42ELmIAa0DH69A==",
        "dependencies": {
          "Silk.NET.Input.Common": "2.23.0",
          "Silk.NET.Windowing.Glfw": "2.23.0"
        }
      },
      "Silk.NET.Windowing.Common": {
        "type": "Transitive",
        "resolved": "2.23.0",
        "contentHash": "ThStSinmY9KQI8DGiF5XEhkLJVnBcgRTBTzL9ijg1wMZAYuckz7ykrNw04fjRm2Gryh6tCNGbvz2XaY0efeFzg==",
        "dependencies": {
          "Silk.NET.Core": "2.23.0",
          "Silk.NET.Maths": "2.23.0"
        }
      },
      "Silk.NET.Windowing.Glfw": {
        "type": "Transitive",
        "resolved": "2.23.0",
        "contentHash": "aYBudKmENmvLRn9p15HbdvlQTnnXskcDfTfbYwSb/4fr263rGLwYuDw/txUEc2jihHJiWCp5+75Y7z5wTJWl7g==",
        "dependencies": {
          "Silk.NET.GLFW": "2.23.0",
          "Silk.NET.Windowing.Common": "2.23.0"
        }
      },
      "StbTrueTypeSharp": {
        "type": "Transitive",
        "resolved": "1.26.12",
        "contentHash": "hCc6/OsfcPa5VsLECcEU2m78WOshBrKwK42nAodSm9Z5wH68f7n66SoiRLCdGCkDaqbWz2TlX4zYHIjogj1HJA=="
      },
      "Ultz.Native.GLFW": {
        "type": "Transitive",
        "resolved": "3.4.0",
        "contentHash": "Iy22JopynbOJ32vA0lBhFEzGi65GQJBuJHYBYRBpydrDpNoTiHnjIXfA65Gu+8qsOr/ZEoIF8r9aHCgAXuO6DA=="
      },
      "keeneyes.abstractions": {
        "type": "Project"
      },
      "keeneyes.ai": {
        "type": "Project",
        "dependencies": {
          "KeenEyes.Abstractions": "[1.0.0, )",
          "KeenEyes.Common": "[1.0.0, )",
          "KeenEyes.Core": "[1.0.0, )",
          "KeenEyes.Navigation": "[1.0.0, )",
          "KeenEyes.Navigation.Abstractions": "[1.0.0, )"
        }
      },
      "keeneyes.animation": {
        "type": "Project",
        "dependencies": {
          "KeenEyes.Common": "[1.0.0, )",
          "KeenEyes.Core": "[1.0.0, )",
          "KeenEyes.Graphics.Abstractions": "[1.0.0, )"
        }
      },
      "keeneyes.assets": {
        "type": "Project",
        "dependencies": {
          "KeenEyes.Abstractions": "[1.0.0, )",
          "KeenEyes.Animation": "[1.0.0, )",
          "KeenEyes.Audio.Abstractions": "[1.0.0, )",
          "KeenEyes.Common": "[1.0.0, )",
          "KeenEyes.Core": "[1.0.0, )",
          "KeenEyes.Graphics.Abstractions": "[1.0.0, )",
          "NLayer": "[2.0.1, )",
          "NVorbis": "[0.10.5, )",
          "Pfim": "[0.11.4, )",
          "SharpGLTF.Core": "[1.0.6, )",
          "StbImageSharp": "[2.30.15, )"
        }
      },
      "keeneyes.audio.abstractions": {
        "type": "Project",
        "dependencies": {
          "KeenEyes.Abstractions": "[1.0.0, )"
        }
      },
      "keeneyes.common": {
        "type": "Project",
        "dependencies": {
          "KeenEyes.Abstractions": "[1.0.0, )"
        }
      },
      "keeneyes.core": {
        "type": "Project",
        "dependencies": {
          "KeenEyes.Abstractions": "[1.0.0, )"
        }
      },
      "keeneyes.debugging": {
        "type": "Project",
        "dependencies": {
          "KeenEyes.Common": "[1.0.0, )",
          "KeenEyes.Core": "[1.0.0, )",
          "KeenEyes.Logging": "[1.0.0, )"
        }
      },
      "keeneyes.editor.abstractions": {
        "type": "Project",
        "dependencies": {
          "KeenEyes.Abstractions": "[1.0.0, )",
          "KeenEyes.Graphics.Abstractions": "[1.0.0, )",
          "KeenEyes.Logging": "[1.0.0, )"
        }
      },
      "keeneyes.graph": {
        "type": "Project",
        "dependencies": {
          "KeenEyes.Abstractions": "[1.0.0, )",
          "KeenEyes.Common": "[1.0.0, )",
          "KeenEyes.Core": "[1.0.0, )",
          "KeenEyes.Editor.Abstractions": "[1.0.0, )",
          "KeenEyes.Graph.Abstractions": "[1.0.0, )",
          "KeenEyes.Graphics.Abstractions": "[1.0.0, )",
          "KeenEyes.Input.Abstractions": "[1.0.0, )"
        }
      },
      "keeneyes.graph.abstractions": {
        "type": "Project",
        "dependencies": {
          "KeenEyes.Abstractions": "[1.0.0, )",
          "KeenEyes.Graphics.Abstractions": "[1.0.0, )"
        }
      },
      "keeneyes.graphics": {
        "type": "Project",
        "dependencies": {
          "KeenEyes.Abstractions": "[1.0.0, )",
          "KeenEyes.Common": "[1.0.0, )",
          "KeenEyes.Graphics.Abstractions": "[1.0.0, )"
        }
      },
      "keeneyes.graphics.abstractions": {
        "type": "Project",
        "dependencies": {
          "KeenEyes.Abstractions": "[1.0.0, )",
          "KeenEyes.Common": "[1.0.0, )"
        }
      },
      "keeneyes.graphics.silk": {
        "type": "Project",
        "dependencies": {
          "FontStashSharp.PlatformAgnostic": "[1.5.6, )",
          "KeenEyes.Common": "[1.0.0, )",
          "KeenEyes.Graphics.Abstractions": "[1.0.0, )",
          "KeenEyes.Platform.Silk": "[1.0.0, )",
          "KeenEyes.Platform.Silk.Abstractions": "[1.0.0, )",
          "Silk.NET.Maths": "[2.23.0, )",
          "Silk.NET.OpenGL": "[2.23.0, )",
          "StbImageSharp": "[2.30.15, )"
        }
      },
      "keeneyes.input": {
        "type": "Project",
        "dependencies": {
          "KeenEyes.Abstractions": "[1.0.0, )",
          "KeenEyes.Input.Abstractions": "[1.0.0, )"
        }
      },
      "keeneyes.input.abstractions": {
        "type": "Project",
        "dependencies": {
          "KeenEyes.Abstractions": "[1.0.0, )"
        }
      },
      "keeneyes.input.silk": {
        "type": "Project",
        "dependencies": {
          "KeenEyes.Input": "[1.0.0, )",
          "KeenEyes.Input.Abstractions": "[1.0.0, )",
          "KeenEyes.Platform.Silk.Abstractions": "[1.0.0, )",
          "Silk.NET.Input": "[2.23.0, )"
        }
      },
      "keeneyes.localization": {
        "type": "Project",
        "dependencies": {
          "KeenEyes.Abstractions": "[1.0.0, )",
          "KeenEyes.Assets": "[1.0.0, )",
          "KeenEyes.Common": "[1.0.0, )",
          "KeenEyes.Core": "[1.0.0, )",
          "KeenEyes.UI.Abstractions": "[1.0.0, )",
          "MessageFormat": "[8.0.0, )"
        }
      },
      "keeneyes.logging": {
        "type": "Project",
        "dependencies": {
          "KeenEyes.Abstractions": "[1.0.0, )"
        }
      },
      "keeneyes.navigation": {
        "type": "Project",
        "dependencies": {
          "KeenEyes.Common": "[1.0.0, )",
          "KeenEyes.Navigation.Abstractions": "[1.0.0, )"
        }
      },
      "keeneyes.navigation.abstractions": {
        "type": "Project",
        "dependencies": {
          "KeenEyes.Abstractions": "[1.0.0, )"
        }
      },
      "keeneyes.network.abstractions": {
        "type": "Project",
        "dependencies": {
          "KeenEyes.Abstractions": "[1.0.0, )"
        }
      },
      "keeneyes.persistence": {
        "type": "Project",
        "dependencies": {
          "KeenEyes.Common": "[1.0.0, )",
          "KeenEyes.Core": "[1.0.0, )"
        }
      },
      "keeneyes.platform.silk": {
        "type": "Project",
        "dependencies": {
          "KeenEyes.Abstractions": "[1.0.0, )",
          "KeenEyes.Platform.Silk.Abstractions": "[1.0.0, )",
          "Silk.NET.Input": "[2.23.0, )",
          "Silk.NET.Windowing": "[2.23.0, )"
        }
      },
      "keeneyes.platform.silk.abstractions": {
        "type": "Project",
        "dependencies": {
          "Silk.NET.Input": "[2.23.0, )",
          "Silk.NET.Windowing": "[2.23.0, )"
        }
      },
      "keeneyes.replay": {
        "type": "Project",
        "dependencies": {
          "KeenEyes.Common": "[1.0.0, )",
          "KeenEyes.Core": "[1.0.0, )",
          "KeenEyes.Logging": "[1.0.0, )"
        }
      },
      "keeneyes.runtime": {
        "type": "Project",
        "dependencies": {
          "KeenEyes.Abstractions": "[1.0.0, )"
        }
      },
      "keeneyes.testbridge": {
        "type": "Project",
        "dependencies": {
          "KeenEyes.AI": "[1.0.0, )",
          "KeenEyes.Core": "[1.0.0, )",
          "KeenEyes.Debugging": "[1.0.0, )",
          "KeenEyes.Graphics.Abstractions": "[1.0.0, )",
          "KeenEyes.Logging": "[1.0.0, )",
          "KeenEyes.Replay": "[1.0.0, )",
          "KeenEyes.TestBridge.Abstractions": "[1.0.0, )",
          "KeenEyes.Testing": "[1.0.0, )",
          "StbImageWriteSharp": "[1.16.7, )"
        }
      },
      "keeneyes.testbridge.abstractions": {
        "type": "Project",
        "dependencies": {
          "KeenEyes.Abstractions": "[1.0.0, )",
          "KeenEyes.Input.Abstractions": "[1.0.0, )"
        }
      },
      "keeneyes.testbridge.ipc": {
        "type": "Project",
        "dependencies": {
          "KeenEyes.Input.Abstractions": "[1.0.0, )",
          "KeenEyes.TestBridge": "[1.0.0, )",
          "KeenEyes.TestBridge.Abstractions": "[1.0.0, )"
        }
      },
      "keeneyes.testing": {
        "type": "Project",
        "dependencies": {
          "KeenEyes.Abstractions": "[1.0.0, )",
          "KeenEyes.Core": "[1.0.0, )",
          "KeenEyes.Graphics.Abstractions": "[1.0.0, )",
          "KeenEyes.Input.Abstractions": "[1.0.0, )",
          "KeenEyes.Logging": "[1.0.0, )",
          "KeenEyes.Network.Abstractions": "[1.0.0, )",
          "KeenEyes.Persistence": "[1.0.0, )",
          "KeenEyes.TestBridge.Abstractions": "[1.0.0, )"
        }
      },
      "keeneyes.ui": {
        "type": "Project",
        "dependencies": {
          "KeenEyes.Abstractions": "[1.0.0, )",
          "KeenEyes.Common": "[1.0.0, )",
          "KeenEyes.Core": "[1.0.0, )",
          "KeenEyes.Graphics.Abstractions": "[1.0.0, )",
          "KeenEyes.Input.Abstractions": "[1.0.0, )",
          "KeenEyes.Localization": "[1.0.0, )",
          "KeenEyes.UI.Abstractions": "[1.0.0, )"
        }
      },
      "keeneyes.ui.abstractions": {
        "type": "Project",
        "dependencies": {
          "KeenEyes.Abstractions": "[1.0.0, )",
          "KeenEyes.Graphics.Abstractions": "[1.0.0, )",
          "KeenEyes.Input.Abstractions": "[1.0.0, )"
        }
      },
      "FontStashSharp.PlatformAgnostic": {
        "type": "CentralTransitive",
        "requested": "[1.5.6, )",
        "resolved": "1.5.6",
        "contentHash": "aIuRgPeucC3zkCZvY8Y8E8JyrvukUX8MfKCUO31HWOg3yuYniHUA/3kjpNJE2apRGQzmreYhWFMatKv8cgGRxw==",
        "dependencies": {
          "Cyotek.Drawing.BitmapFont": "2.0.4",
          "FontStashSharp.Base": "1.2.3",
          "FontStashSharp.Rasterizers.StbTrueTypeSharp": "1.2.3",
          "StbImageSharp": "2.30.15"
        }
      },
      "MessageFormat": {
        "type": "CentralTransitive",
        "requested": "[8.0.0, )",
        "resolved": "8.0.0",
        "contentHash": "+nmYgGQVhGXmvQd+AMYILZGTxOP4J9tOR3KbjoxMDDICRrSzHYB9v1aRRVnXkD1ZeBapscFWIf5B/ck3p9R1mg=="
      },
      "NLayer": {
        "type": "CentralTransitive",
        "requested": "[2.0.1, )",
        "resolved": "2.0.1",
        "contentHash": "0nhnDRx98u7zXXbPIF11QYYupOOOQ9W22eqoyQyXn/gitRXbf9zAK8YfxyqS1Ix+TSqJv8EPNSk3VkDb7fChKw=="
      },
      "NVorbis": {
        "type": "CentralTransitive",
        "requested": "[0.10.5, )",
        "resolved": "0.10.5",
        "contentHash": "o+IptCG4Avze39HrGeztC+xIp6fOOwGVAwkoa1J++4Ji1WmZ+KIKlFl5wsgxsXqBkmdpfs/vFSUproiLKYa2bw=="
      },
      "Pfim": {
        "type": "CentralTransitive",
        "requested": "[0.11.4, )",
        "resolved": "0.11.4",
        "contentHash": "B3KDFyxY1NTqbeqGEaOM9uE+G71GG2TxWqVSs57e1pWYPf2vNLMIxk+x55MXdkon0iGeaekolFTlLS2CkgktYg=="
      },
      "SharpGLTF.Core": {
        "type": "CentralTransitive",
        "requested": "[1.0.6, )",
        "resolved": "1.0.6",
        "contentHash": "m3qIvUnpvRRfQ0fp0TFfpPk+vsHkCIOf/uIVJ19fe9dwa29KCO/PeHVXKAph8nsFxFLXitTIIqCa5W8JGLMhBg=="
      },
      "Silk.NET.Input": {
        "type": "CentralTransitive",
        "requested": "[2.23.0, )",
        "resolved": "2.23.0",
        "contentHash": "Xzl+tVwAp2eEd8blmGQjmJrsZPnp3PWG0KJjiAQHaY2Zr/ELVWeAROKXmZdCAvexzmte2JVGEy/dxnMycbxlpg==",
        "dependencies": {
          "Silk.NET.Input.Common": "2.23.0",
          "Silk.NET.Input.Glfw": "2.23.0"
        }
      },
      "Silk.NET.Maths": {
        "type": "CentralTransitive",
        "requested": "[2.23.0, )",
        "resolved": "2.23.0",
        "contentHash": "r8PdIVzME8EH0qAgbmRPO87I4GfgR2j8TofT7EMuRJDf1QluoQwnVypDoFJjQ2ZBSRsGYk5unYxxogI05Ogsmw=="
      },
      "Silk.NET.OpenGL": {
        "type": "CentralTransitive",
        "requested": "[2.23.0, )",
        "resolved": "2.23.0",
        "contentHash": "CIakUoUqiAyRPykMk54tr1M1XpbJrT/iw12T85HDQcuRCFlBa1cxbX7v3FmtznKO5eM89esfmGNCgqDaKBiWfg==",
        "dependencies": {
          "Silk.NET.Core": "2.23.0",
          "Silk.NET.Maths": "2.23.0"
        }
      },
      "Silk.NET.Windowing": {
        "type": "CentralTransitive",
        "requested": "[2.23.0, )",
        "resolved": "2.23.0",
        "contentHash": "OPNPmt/lRyUKVYrFLQXVxyATqD3MKLc1iY1oKx1/2GppgmZxVZPwN12tekrQ4C7408kgB1L5JD1Wnirqqeb2kg==",
        "dependencies": {
          "Silk.NET.Windowing.Common": "2.23.0",
          "Silk.NET.Windowing.Glfw": "2.23.0"
        }
      },
      "StbImageSharp": {
        "type": "CentralTransitive",
        "requested": "[2.30.15, )",
        "resolved": "2.30.15",
        "contentHash": "7QqbupVhz2kcFUPTgMw4iHR9rYDHGundzzee19Mwmd1typ2Lnv8EVJcLJxlkeBM2+4ex0NwsMtdbGSJctp1XCQ=="
      },
      "StbImageWriteSharp": {
        "type": "CentralTransitive",
        "requested": "[1.16.7, )",
        "resolved": "1.16.7",
        "contentHash": "NF9kOxi0iS9VunklnRKgOpAWC2knCGKRjdy7RT6XAqYNyb7LQfyPHPdl4l1fJw7TFYKrGQzQOmK1XpBONC2MoA=="
      }
    }
  }
}