{
  "version": 2,
  "dependencies": {
    "net10.0": {
      "Microsoft.DotNet.ILCompiler": {
        "type": "Direct",
        "requested": "[10.0.3, )",
        "resolved": "10.0.3",
        "contentHash": "H9kuN7egYzW5JAn5CMK8uJdJDVnPEDpZHzjOXyz1iAgvxNgVSoAiTNkCBeY2jaXcHlruF5fRUrZoUHUHXftDDA=="
      },
      "Microsoft.NET.ILLink.Tasks": {
        "type": "Direct",
        "requested": "[10.0.3, )",
        "resolved": "10.0.3",
        "contentHash": "0B6nZyCHWXnvmlB559oduOspVdNOnpNXPjhpWVMovLPAsDVG7A4jJR9rzECf67JUzxP8/ee/wA8clwIzJcWNFA=="
      },
      "SonarAnalyzer.CSharp": {
        "type": "Direct",
        "requested": "[10.20.0.135146, )",
        "resolved": "10.20.0.135146",
        "contentHash": "Dx+sh/lhhJrG4Sr5W+bCDr/JKhY1Op6UaIoG5UrDVIyryC7rZtqO4Q4adzvm3IqAhFGHY7oYuaSjtR46hIv8qQ=="
      },
      "keeneyes.shaders.compiler": {
        "type": "Project"
      }
    }
  }
}