{
  "version": 2,
  "dependencies": {
    "net10.0": {
      "BepuPhysics": {
        "type": "Direct",
        "requested": "[2.4.0, )",
        "resolved": "2.4.0",
        "contentHash": "Ck/BJgSQrBqYrj0T9jGljDdHNILBP5kTPTylc7N/hCzR1XJJc7p6ORzwtjTfjgoYkkdajvLHxEQv6BRC8kaysQ==",
        "dependencies": {
          "BepuUtilities": "2.4.0"
        }
      },
      "BepuUtilities": {
        "type": "Direct",
        "requested": "[2.4.0, )",
        "resolved": "2.4.0",
        "contentHash": "KNMxkzKLHAvV7jRtErxs3rPv71fHToqo/WN96HlT6iomWuwL97tohEbt0B1WA8A6sO5t6PP+qF08d4T9A8k2uA=="
      },
      "Microsoft.NET.ILLink.Tasks": {
        "type": "Direct",
        "requested": "[10.0.0, )",
        "resolved": "10.0.0",
        "contentHash": "kICGrGYEzCNI3wPzfEXcwNHgTvlvVn9yJDhSdRK+oZQy4jvYH529u7O0xf5ocQKzOMjfS07+3z9PKRIjrFMJDA=="
      },
      "keeneyes.abstractions": {
        "type": "Project"
      },
      "keeneyes.common": {
        "type": "Project",
        "dependencies": {
          "KeenEyes.Abstractions": "[1.0.0, )"
        }
      }
    }
  }
}